
Microsoft Visual Studio Solution File, Format Version 12.00
# Visual Studio Version 18
VisualStudioVersion = 18.5.11723.231
MinimumVisualStudioVersion = 10.0.40219.1
Project("{2150E333-8FDC-42A3-9474-1A3956D46DE8}") = "Tests", "Tests", "{F4A0E6E0-1234-4B56-89AB-CDEF01234567}"
EndProject
Project("{9A19103F-16F7-4668-BE54-9A1E7A4F7556}") = "ChartUpdater01", "OpenXmlPowerToolsExamples\ChartUpdater01\ChartUpdater01.csproj", "{1B03D24F-FB08-42E1-BB25-2D1BB907991B}"
EndProject
Project("{9A19103F-16F7-4668-BE54-9A1E7A4F7556}") = "DocumentBuilder01", "OpenXmlPowerToolsExamples\DocumentBuilder01\DocumentBuilder01.csproj", "{A8A6FCF0-CA4F-4637-8E66-D86603B92204}"
EndProject
Project("{9A19103F-16F7-4668-BE54-9A1E7A4F7556}") = "DocumentBuilder02", "OpenXmlPowerToolsExamples\DocumentBuilder02\DocumentBuilder02.csproj", "{BF8153AA-C390-4D00-98F2-083DEFEC7094}"
EndProject
Project("{9A19103F-16F7-4668-BE54-9A1E7A4F7556}") = "DocumentBuilder03", "OpenXmlPowerToolsExamples\DocumentBuilder03\DocumentBuilder03.csproj", "{BE635672-D3FD-42C5-96E3-EDE50E05CE29}"
EndProject
Project("{9A19103F-16F7-4668-BE54-9A1E7A4F7556}") = "DocumentBuilder04", "OpenXmlPowerToolsExamples\DocumentBuilder04\DocumentBuilder04.csproj", "{CE0ECABB-03AD-42CE-A5BD-D0CC4DCE35AB}"
EndProject
Project("{9A19103F-16F7-4668-BE54-9A1E7A4F7556}") = "FieldRetriever01", "OpenXmlPowerToolsExamples\FieldRetriever01\FieldRetriever01.csproj", "{E1FD7B15-FA09-4F7F-A30E-9FBD9F765D02}"
EndProject
Project("{9A19103F-16F7-4668-BE54-9A1E7A4F7556}") = "FormattingAssembler01", "OpenXmlPowerToolsExamples\FormattingAssembler01\FormattingAssembler01.csproj", "{6EAF15B6-98BE-428B-A018-A5266521551E}"
EndProject
Project("{9A19103F-16F7-4668-BE54-9A1E7A4F7556}") = "Formulas01", "OpenXmlPowerToolsExamples\Formulas01\Formulas01.csproj", "{618B95DB-3A70-4DC8-BD87-00F636F72453}"
EndProject
Project("{9A19103F-16F7-4668-BE54-9A1E7A4F7556}") = "HtmlConverter01", "OpenXmlPowerToolsExamples\HtmlConverter01\HtmlConverter01.csproj", "{BC9E7408-508D-482D-8602-96E76ACBB5EA}"
EndProject
Project("{9A19103F-16F7-4668-BE54-9A1E7A4F7556}") = "ListItemRetriever01", "OpenXmlPowerToolsExamples\ListItemRetriever01\ListItemRetriever01.csproj", "{04935FA6-E48B-496F-8D6A-41A59232303D}"
EndProject
Project("{9A19103F-16F7-4668-BE54-9A1E7A4F7556}") = "MarkupSimplifierApp", "OpenXmlPowerToolsExamples\MarkupSimplifierApp\MarkupSimplifierApp.csproj", "{0CCE83BA-8B8B-4B98-8846-B62A61FDF170}"
EndProject
Project("{9A19103F-16F7-4668-BE54-9A1E7A4F7556}") = "MetricsGetter01", "OpenXmlPowerToolsExamples\MetricsGetter01\MetricsGetter01.csproj", "{ED37372C-DFBF-4720-BD4B-CE1415961038}"
EndProject
Project("{9A19103F-16F7-4668-BE54-9A1E7A4F7556}") = "OpenXmlRegex01", "OpenXmlPowerToolsExamples\OpenXmlRegex01\OpenXmlRegex01.csproj", "{4330D46F-6703-4BA2-844D-177F722C0820}"
EndProject
Project("{9A19103F-16F7-4668-BE54-9A1E7A4F7556}") = "PivotTables01", "OpenXmlPowerToolsExamples\PivotTables01\PivotTables01.csproj", "{6785A554-BBBB-480C-8E4D-9FE90DD91A46}"
EndProject
Project("{9A19103F-16F7-4668-BE54-9A1E7A4F7556}") = "PresentationBuilder01", "OpenXmlPowerToolsExamples\PresentationBuilder01\PresentationBuilder01.csproj", "{A4128935-B707-4D56-B924-27910EC92664}"
EndProject
Project("{9A19103F-16F7-4668-BE54-9A1E7A4F7556}") = "PresentationBuilder02", "OpenXmlPowerToolsExamples\PresentationBuilder02\PresentationBuilder02.csproj", "{495060B4-BD80-4B18-AC44-4680F0D6D5DB}"
EndProject
Project("{9A19103F-16F7-4668-BE54-9A1E7A4F7556}") = "ReferenceAdder01", "OpenXmlPowerToolsExamples\ReferenceAdder01\ReferenceAdder01.csproj", "{211F05D3-F8EE-497F-9DE9-AFFA0A72140D}"
EndProject
Project("{9A19103F-16F7-4668-BE54-9A1E7A4F7556}") = "RevisionAccepter01", "OpenXmlPowerToolsExamples\RevisionAccepter01\RevisionAccepter01.csproj", "{84823BA5-B860-4CAF-885E-981D7F121830}"
EndProject
Project("{9A19103F-16F7-4668-BE54-9A1E7A4F7556}") = "TextReplacer01", "OpenXmlPowerToolsExamples\TextReplacer01\TextReplacer01.csproj", "{5CA29B44-C4A5-4310-9429-553F0BC9FC1D}"
EndProject
Project("{9A19103F-16F7-4668-BE54-9A1E7A4F7556}") = "TextReplacer02", "OpenXmlPowerToolsExamples\TextReplacer02\TextReplacer02.csproj", "{153E5218-E9C0-4ED8-9073-0802204C8B90}"
EndProject
Project("{9A19103F-16F7-4668-BE54-9A1E7A4F7556}") = "DocumentAssembler01", "OpenXmlPowerToolsExamples\DocumentAssembler01\DocumentAssembler01.csproj", "{EFE77658-EDD7-4597-8016-CBE4A18951B0}"
EndProject
Project("{9A19103F-16F7-4668-BE54-9A1E7A4F7556}") = "DocumentAssembler", "OpenXmlPowerToolsExamples\DocumentAssembler\DocumentAssembler.csproj", "{2D081A36-48F9-4A09-8247-420682545492}"
EndProject
Project("{9A19103F-16F7-4668-BE54-9A1E7A4F7556}") = "SpreadsheetWriter01", "OpenXmlPowerToolsExamples\SpreadsheetWriter01\SpreadsheetWriter01.csproj", "{0911F996-DF86-4FB1-A1CE-0539599EC0E0}"
EndProject
Project("{9A19103F-16F7-4668-BE54-9A1E7A4F7556}") = "SpreadsheetWriter02", "OpenXmlPowerToolsExamples\SpreadsheetWriter02\SpreadsheetWriter02.csproj", "{DF1D84AF-27B8-4F87-A673-CCFADC3AAF02}"
EndProject
Project("{9A19103F-16F7-4668-BE54-9A1E7A4F7556}") = "DocumentAssembler02", "OpenXmlPowerToolsExamples\DocumentAssembler02\DocumentAssembler02.csproj", "{D6DFAC7C-82F4-4318-A9F0-6450D2945D96}"
EndProject
Project("{9A19103F-16F7-4668-BE54-9A1E7A4F7556}") = "HtmlToWmlConverter01", "OpenXmlPowerToolsExamples\HtmlToWmlConverter01\HtmlToWmlConverter01.csproj", "{9E194D13-F5A0-4430-8F87-D74326457385}"
EndProject
Project("{9A19103F-16F7-4668-BE54-9A1E7A4F7556}") = "DocumentAssembler03", "OpenXmlPowerToolsExamples\DocumentAssembler03\DocumentAssembler03.csproj", "{214F0E80-D2E3-4E19-A3FC-2BE15B3906B0}"
EndProject
Project("{9A19103F-16F7-4668-BE54-9A1E7A4F7556}") = "HtmlToWmlConverter02", "OpenXmlPowerToolsExamples\HtmlToWmlConverter02\HtmlToWmlConverter02.csproj", "{1E75CB7D-2A4A-4B03-80A9-7B7D59B18BB4}"
EndProject
Project("{9A19103F-16F7-4668-BE54-9A1E7A4F7556}") = "WmlToHtmlConverter01", "OpenXmlPowerToolsExamples\WmlToHtmlConverter01\WmlToHtmlConverter01.csproj", "{396D9209-0D9A-4E61-9471-04C71F6CA6B9}"
EndProject
Project("{9A19103F-16F7-4668-BE54-9A1E7A4F7556}") = "WmlToHtmlConverter02", "OpenXmlPowerToolsExamples\WmlToHtmlConverter02\WmlToHtmlConverter02.csproj", "{D4078011-2611-46A7-8A30-55E4AB8FA786}"
EndProject
Project("{9A19103F-16F7-4668-BE54-9A1E7A4F7556}") = "SmlDataRetriever01", "OpenXmlPowerToolsExamples\SmlDataRetriever01\SmlDataRetriever01.csproj", "{DCE8EC51-1E58-49A0-82CF-5BE269FA0A9D}"
EndProject
Project("{9A19103F-16F7-4668-BE54-9A1E7A4F7556}") = "WmlComparer01", "OpenXmlPowerToolsExamples\WmlComparer01\WmlComparer01.csproj", "{C9CAA69C-575A-442E-9D8A-69C53B39D72C}"
EndProject
Project("{9A19103F-16F7-4668-BE54-9A1E7A4F7556}") = "WmlComparer02", "OpenXmlPowerToolsExamples\WmlComparer02\WmlComparer02.csproj", "{3D1C46E1-7A9E-4A4B-8D95-68613603DEDF}"
EndProject
Project("{2150E333-8FDC-42A3-9474-1A3956D46DE8}") = "Samples", "Samples", "{A83D6B58-6D38-46AF-8C20-5CFC170A1063}"
EndProject
Project("{2150E333-8FDC-42A3-9474-1A3956D46DE8}") = "Solution Items", "Solution Items", "{9AFB8C96-1E6E-483E-9882-75D2483E7076}"
	ProjectSection(SolutionItems) = preProject
		Directory.Build.props = Directory.Build.props
		Directory.Build.targets = Directory.Build.targets
		LICENSE.txt = LICENSE.txt
		README.md = README.md
		rules.ruleset = rules.ruleset
		stylecop.json = stylecop.json
	EndProjectSection
EndProject
Project("{FAE04EC0-301F-11D3-BF4B-00C04F79EFBC}") = "OpenXmlPowerTools.Core", "OpenXmlPowerTools.Core\OpenXmlPowerTools.Core.csproj", "{CDE5F48B-1B52-4BB2-BFB8-4FA23B6730C8}"
EndProject
Project("{FAE04EC0-301F-11D3-BF4B-00C04F79EFBC}") = "OpenXmlPowerTools.OpenXmlRegex", "OpenXmlPowerTools.OpenXmlRegex\OpenXmlPowerTools.OpenXmlRegex.csproj", "{B7B8EAD5-6041-4C29-BCEE-0E816EDAC932}"
EndProject
Project("{FAE04EC0-301F-11D3-BF4B-00C04F79EFBC}") = "OpenXmlPowerTools.MarkupSimplifier", "OpenXmlPowerTools.MarkupSimplifier\OpenXmlPowerTools.MarkupSimplifier.csproj", "{2E3A7EAB-7D23-4B91-BDAD-E23A0FBB836C}"
EndProject
Project("{FAE04EC0-301F-11D3-BF4B-00C04F79EFBC}") = "OpenXmlPowerTools.RevisionAccepter", "OpenXmlPowerTools.RevisionAccepter\OpenXmlPowerTools.RevisionAccepter.csproj", "{709C432E-273D-4E7D-9131-A77B58855F8E}"
EndProject
Project("{FAE04EC0-301F-11D3-BF4B-00C04F79EFBC}") = "OpenXmlPowerTools.FieldRetriever", "OpenXmlPowerTools.FieldRetriever\OpenXmlPowerTools.FieldRetriever.csproj", "{F01F1CB4-D7A1-4AC7-962E-A40F3588AEDF}"
EndProject
Project("{FAE04EC0-301F-11D3-BF4B-00C04F79EFBC}") = "OpenXmlPowerTools.TextReplacer", "OpenXmlPowerTools.TextReplacer\OpenXmlPowerTools.TextReplacer.csproj", "{DD15CB81-AD29-4738-B4F0-D238E29476DF}"
EndProject
Project("{FAE04EC0-301F-11D3-BF4B-00C04F79EFBC}") = "OpenXmlPowerTools.ReferenceAdder", "OpenXmlPowerTools.ReferenceAdder\OpenXmlPowerTools.ReferenceAdder.csproj", "{1DC89C54-D960-44E5-A1BE-F37719FD3DB4}"
EndProject
Project("{FAE04EC0-301F-11D3-BF4B-00C04F79EFBC}") = "OpenXmlPowerTools.DocumentAssembler", "OpenXmlPowerTools.DocumentAssembler\OpenXmlPowerTools.DocumentAssembler.csproj", "{601446FE-02BC-4B0E-B991-D5937DF60DC9}"
EndProject
Project("{FAE04EC0-301F-11D3-BF4B-00C04F79EFBC}") = "OpenXmlPowerTools.ChartUpdater", "OpenXmlPowerTools.ChartUpdater\OpenXmlPowerTools.ChartUpdater.csproj", "{EF6D4E01-006F-4744-9D82-3A35EB702126}"
EndProject
Project("{FAE04EC0-301F-11D3-BF4B-00C04F79EFBC}") = "OpenXmlPowerTools.PresentationBuilder", "OpenXmlPowerTools.PresentationBuilder\OpenXmlPowerTools.PresentationBuilder.csproj", "{BF58956F-AEC4-404F-B2CC-DFFA0B6DF2FF}"
EndProject
Project("{2150E333-8FDC-42A3-9474-1A3956D46DE8}") = "Libraries", "Libraries", "{E2B99FF9-FABB-32FA-A2E8-3A1C68902CE9}"
EndProject
Project("{FAE04EC0-301F-11D3-BF4B-00C04F79EFBC}") = "OpenXmlPowerTools.DocumentBuilder", "OpenXmlPowerTools.DocumentBuilder\OpenXmlPowerTools.DocumentBuilder.csproj", "{2DAB54E6-AF32-4AB0-B029-39EA4AE09074}"
EndProject
Project("{FAE04EC0-301F-11D3-BF4B-00C04F79EFBC}") = "OpenXmlPowerTools.FormattingAssembler", "OpenXmlPowerTools.FormattingAssembler\OpenXmlPowerTools.FormattingAssembler.csproj", "{D1E5B81E-595B-4F7A-BF31-9A42C9E3F382}"
EndProject
Project("{FAE04EC0-301F-11D3-BF4B-00C04F79EFBC}") = "OpenXmlPowerTools.MetricsGetter", "OpenXmlPowerTools.MetricsGetter\OpenXmlPowerTools.MetricsGetter.csproj", "{79DDD2CF-7568-49EC-AF0D-D411AB40108C}"
EndProject
Project("{FAE04EC0-301F-11D3-BF4B-00C04F79EFBC}") = "OpenXmlPowerTools.WmlComparer", "OpenXmlPowerTools.WmlComparer\OpenXmlPowerTools.WmlComparer.csproj", "{8486D1B5-F7C7-40BB-996D-DC029141EA1C}"
EndProject
Project("{FAE04EC0-301F-11D3-BF4B-00C04F79EFBC}") = "OpenXmlPowerTools.WmlToHtmlConverter", "OpenXmlPowerTools.WmlToHtmlConverter\OpenXmlPowerTools.WmlToHtmlConverter.csproj", "{3FDCE7CA-069C-4A0E-929C-37E727DB3731}"
EndProject
Project("{FAE04EC0-301F-11D3-BF4B-00C04F79EFBC}") = "OpenXmlPowerTools.HtmlToWmlConverter", "OpenXmlPowerTools.HtmlToWmlConverter\OpenXmlPowerTools.HtmlToWmlConverter.csproj", "{5AFF56B4-7BA5-48CC-9488-181194A2306B}"
EndProject
Project("{FAE04EC0-301F-11D3-BF4B-00C04F79EFBC}") = "OpenXmlPowerTools.SpreadsheetWriter", "OpenXmlPowerTools.SpreadsheetWriter\OpenXmlPowerTools.SpreadsheetWriter.csproj", "{281ECCFE-95EB-4E75-ADF1-E2D69E48BC26}"
EndProject
Project("{FAE04EC0-301F-11D3-BF4B-00C04F79EFBC}") = "OpenXmlPowerTools.SmlToHtmlConverter", "OpenXmlPowerTools.SmlToHtmlConverter\OpenXmlPowerTools.SmlToHtmlConverter.csproj", "{9826BB84-112E-48A3-8C50-97F07704EE05}"
EndProject
Project("{FAE04EC0-301F-11D3-BF4B-00C04F79EFBC}") = "OpenXmlPowerTools.WmlToXml", "OpenXmlPowerTools.WmlToXml\OpenXmlPowerTools.WmlToXml.csproj", "{D04A71B9-9299-470E-A42F-67263EC7A72B}"
EndProject
Project("{FAE04EC0-301F-11D3-BF4B-00C04F79EFBC}") = "OpenXmlPowerTools.ChartUpdater.Tests", "OpenXmlPowerTools.ChartUpdater.Tests\OpenXmlPowerTools.ChartUpdater.Tests.csproj", "{6D707CEE-8B2E-4943-BE60-5B99520517BD}"
EndProject
Project("{FAE04EC0-301F-11D3-BF4B-00C04F79EFBC}") = "OpenXmlPowerTools.DocumentAssembler.Tests", "OpenXmlPowerTools.DocumentAssembler.Tests\OpenXmlPowerTools.DocumentAssembler.Tests.csproj", "{370CDABA-F49A-4FA2-ABF2-19AB62F1CF0A}"
EndProject
Project("{FAE04EC0-301F-11D3-BF4B-00C04F79EFBC}") = "OpenXmlPowerTools.DocumentBuilder.Tests", "OpenXmlPowerTools.DocumentBuilder.Tests\OpenXmlPowerTools.DocumentBuilder.Tests.csproj", "{961FA487-8CC2-4B21-86BC-34106F023C6B}"
EndProject
Project("{FAE04EC0-301F-11D3-BF4B-00C04F79EFBC}") = "OpenXmlPowerTools.FormattingAssembler.Tests", "OpenXmlPowerTools.FormattingAssembler.Tests\OpenXmlPowerTools.FormattingAssembler.Tests.csproj", "{9FA359C1-8222-4552-A94D-4B4DFE3228CF}"
EndProject
Project("{FAE04EC0-301F-11D3-BF4B-00C04F79EFBC}") = "OpenXmlPowerTools.HtmlToWmlConverter.Tests", "OpenXmlPowerTools.HtmlToWmlConverter.Tests\OpenXmlPowerTools.HtmlToWmlConverter.Tests.csproj", "{A6ABF1A6-1BE6-474B-A27B-71A400000FE2}"
EndProject
Project("{FAE04EC0-301F-11D3-BF4B-00C04F79EFBC}") = "OpenXmlPowerTools.WmlToHtmlConverter.Tests", "OpenXmlPowerTools.WmlToHtmlConverter.Tests\OpenXmlPowerTools.WmlToHtmlConverter.Tests.csproj", "{9536D15C-250E-42D4-A3E4-ADF189A8A0B3}"
EndProject
Project("{FAE04EC0-301F-11D3-BF4B-00C04F79EFBC}") = "OpenXmlPowerTools.MarkupSimplifier.Tests", "OpenXmlPowerTools.MarkupSimplifier.Tests\OpenXmlPowerTools.MarkupSimplifier.Tests.csproj", "{D42E6D95-9993-457F-B3CB-6CBD4A797815}"
EndProject
Project("{FAE04EC0-301F-11D3-BF4B-00C04F79EFBC}") = "OpenXmlPowerTools.MetricsGetter.Tests", "OpenXmlPowerTools.MetricsGetter.Tests\OpenXmlPowerTools.MetricsGetter.Tests.csproj", "{67A2AD9B-0641-49C9-8C98-1F395829A423}"
EndProject
Project("{FAE04EC0-301F-11D3-BF4B-00C04F79EFBC}") = "OpenXmlPowerTools.OpenXmlRegex.Tests", "OpenXmlPowerTools.OpenXmlRegex.Tests\OpenXmlPowerTools.OpenXmlRegex.Tests.csproj", "{184F17EC-2AE4-4877-B0D5-3C38401B635E}"
EndProject
Project("{FAE04EC0-301F-11D3-BF4B-00C04F79EFBC}") = "OpenXmlPowerTools.PresentationBuilder.Tests", "OpenXmlPowerTools.PresentationBuilder.Tests\OpenXmlPowerTools.PresentationBuilder.Tests.csproj", "{9C8BE36E-52C3-4129-80FF-BF2216F582BA}"
EndProject
Project("{FAE04EC0-301F-11D3-BF4B-00C04F79EFBC}") = "OpenXmlPowerTools.RevisionAccepter.Tests", "OpenXmlPowerTools.RevisionAccepter.Tests\OpenXmlPowerTools.RevisionAccepter.Tests.csproj", "{AC5C8E0F-0F82-4B86-9584-EBF377EB57B1}"
EndProject
Project("{FAE04EC0-301F-11D3-BF4B-00C04F79EFBC}") = "OpenXmlPowerTools.SpreadsheetWriter.Tests", "OpenXmlPowerTools.SpreadsheetWriter.Tests\OpenXmlPowerTools.SpreadsheetWriter.Tests.csproj", "{3FADA9BD-491F-4597-95C2-74D6A7565CFA}"
EndProject
Project("{FAE04EC0-301F-11D3-BF4B-00C04F79EFBC}") = "OpenXmlPowerTools.WmlComparer.Tests", "OpenXmlPowerTools.WmlComparer.Tests\OpenXmlPowerTools.WmlComparer.Tests.csproj", "{93A57063-9631-4DA0-901B-98F314D1C84A}"
EndProject
Project("{FAE04EC0-301F-11D3-BF4B-00C04F79EFBC}") = "OpenXmlPowerTools.Core.Tests", "OpenXmlPowerTools.Core.Tests\OpenXmlPowerTools.Core.Tests.csproj", "{78349C23-B7CA-435F-B2A9-0FE32EBD8B35}"
EndProject
Project("{2150E333-8FDC-42A3-9474-1A3956D46DE8}") = "Common", "Common", "{646728A4-90B9-449F-B8F5-362D68AE8228}"
EndProject
Global
	GlobalSection(SolutionConfigurationPlatforms) = preSolution
		Debug|Any CPU = Debug|Any CPU
		Debug|x64 = Debug|x64
		Debug|x86 = Debug|x86
		Release|Any CPU = Release|Any CPU
		Release|x64 = Release|x64
		Release|x86 = Release|x86
	EndGlobalSection
	GlobalSection(ProjectConfigurationPlatforms) = postSolution
		{1B03D24F-FB08-42E1-BB25-2D1BB907991B}.Debug|Any CPU.ActiveCfg = Debug|Any CPU
		{1B03D24F-FB08-42E1-BB25-2D1BB907991B}.Debug|Any CPU.Build.0 = Debug|Any CPU
		{1B03D24F-FB08-42E1-BB25-2D1BB907991B}.Debug|x64.ActiveCfg = Debug|Any CPU
		{1B03D24F-FB08-42E1-BB25-2D1BB907991B}.Debug|x64.Build.0 = Debug|Any CPU
		{1B03D24F-FB08-42E1-BB25-2D1BB907991B}.Debug|x86.ActiveCfg = Debug|Any CPU
		{1B03D24F-FB08-42E1-BB25-2D1BB907991B}.Debug|x86.Build.0 = Debug|Any CPU
		{1B03D24F-FB08-42E1-BB25-2D1BB907991B}.Release|Any CPU.ActiveCfg = Release|Any CPU
		{1B03D24F-FB08-42E1-BB25-2D1BB907991B}.Release|Any CPU.Build.0 = Release|Any CPU
		{1B03D24F-FB08-42E1-BB25-2D1BB907991B}.Release|x64.ActiveCfg = Release|Any CPU
		{1B03D24F-FB08-42E1-BB25-2D1BB907991B}.Release|x64.Build.0 = Release|Any CPU
		{1B03D24F-FB08-42E1-BB25-2D1BB907991B}.Release|x86.ActiveCfg = Release|Any CPU
		{1B03D24F-FB08-42E1-BB25-2D1BB907991B}.Release|x86.Build.0 = Release|Any CPU
		{A8A6FCF0-CA4F-4637-8E66-D86603B92204}.Debug|Any CPU.ActiveCfg = Debug|Any CPU
		{A8A6FCF0-CA4F-4637-8E66-D86603B92204}.Debug|Any CPU.Build.0 = Debug|Any CPU
		{A8A6FCF0-CA4F-4637-8E66-D86603B92204}.Debug|x64.ActiveCfg = Debug|Any CPU
		{A8A6FCF0-CA4F-4637-8E66-D86603B92204}.Debug|x64.Build.0 = Debug|Any CPU
		{A8A6FCF0-CA4F-4637-8E66-D86603B92204}.Debug|x86.ActiveCfg = Debug|Any CPU
		{A8A6FCF0-CA4F-4637-8E66-D86603B92204}.Debug|x86.Build.0 = Debug|Any CPU
		{A8A6FCF0-CA4F-4637-8E66-D86603B92204}.Release|Any CPU.ActiveCfg = Release|Any CPU
		{A8A6FCF0-CA4F-4637-8E66-D86603B92204}.Release|Any CPU.Build.0 = Release|Any CPU
		{A8A6FCF0-CA4F-4637-8E66-D86603B92204}.Release|x64.ActiveCfg = Release|Any CPU
		{A8A6FCF0-CA4F-4637-8E66-D86603B92204}.Release|x64.Build.0 = Release|Any CPU
		{A8A6FCF0-CA4F-4637-8E66-D86603B92204}.Release|x86.ActiveCfg = Release|Any CPU
		{A8A6FCF0-CA4F-4637-8E66-D86603B92204}.Release|x86.Build.0 = Release|Any CPU
		{BF8153AA-C390-4D00-98F2-083DEFEC7094}.Debug|Any CPU.ActiveCfg = Debug|Any CPU
		{BF8153AA-C390-4D00-98F2-083DEFEC7094}.Debug|Any CPU.Build.0 = Debug|Any CPU
		{BF8153AA-C390-4D00-98F2-083DEFEC7094}.Debug|x64.ActiveCfg = Debug|Any CPU
		{BF8153AA-C390-4D00-98F2-083DEFEC7094}.Debug|x64.Build.0 = Debug|Any CPU
		{BF8153AA-C390-4D00-98F2-083DEFEC7094}.Debug|x86.ActiveCfg = Debug|Any CPU
		{BF8153AA-C390-4D00-98F2-083DEFEC7094}.Debug|x86.Build.0 = Debug|Any CPU
		{BF8153AA-C390-4D00-98F2-083DEFEC7094}.Release|Any CPU.ActiveCfg = Release|Any CPU
		{BF8153AA-C390-4D00-98F2-083DEFEC7094}.Release|Any CPU.Build.0 = Release|Any CPU
		{BF8153AA-C390-4D00-98F2-083DEFEC7094}.Release|x64.ActiveCfg = Release|Any CPU
		{BF8153AA-C390-4D00-98F2-083DEFEC7094}.Release|x64.Build.0 = Release|Any CPU
		{BF8153AA-C390-4D00-98F2-083DEFEC7094}.Release|x86.ActiveCfg = Release|Any CPU
		{BF8153AA-C390-4D00-98F2-083DEFEC7094}.Release|x86.Build.0 = Release|Any CPU
		{BE635672-D3FD-42C5-96E3-EDE50E05CE29}.Debug|Any CPU.ActiveCfg = Debug|Any CPU
		{BE635672-D3FD-42C5-96E3-EDE50E05CE29}.Debug|Any CPU.Build.0 = Debug|Any CPU
		{BE635672-D3FD-42C5-96E3-EDE50E05CE29}.Debug|x64.ActiveCfg = Debug|Any CPU
		{BE635672-D3FD-42C5-96E3-EDE50E05CE29}.Debug|x64.Build.0 = Debug|Any CPU
		{BE635672-D3FD-42C5-96E3-EDE50E05CE29}.Debug|x86.ActiveCfg = Debug|Any CPU
		{BE635672-D3FD-42C5-96E3-EDE50E05CE29}.Debug|x86.Build.0 = Debug|Any CPU
		{BE635672-D3FD-42C5-96E3-EDE50E05CE29}.Release|Any CPU.ActiveCfg = Release|Any CPU
		{BE635672-D3FD-42C5-96E3-EDE50E05CE29}.Release|Any CPU.Build.0 = Release|Any CPU
		{BE635672-D3FD-42C5-96E3-EDE50E05CE29}.Release|x64.ActiveCfg = Release|Any CPU
		{BE635672-D3FD-42C5-96E3-EDE50E05CE29}.Release|x64.Build.0 = Release|Any CPU
		{BE635672-D3FD-42C5-96E3-EDE50E05CE29}.Release|x86.ActiveCfg = Release|Any CPU
		{BE635672-D3FD-42C5-96E3-EDE50E05CE29}.Release|x86.Build.0 = Release|Any CPU
		{CE0ECABB-03AD-42CE-A5BD-D0CC4DCE35AB}.Debug|Any CPU.ActiveCfg = Debug|Any CPU
		{CE0ECABB-03AD-42CE-A5BD-D0CC4DCE35AB}.Debug|Any CPU.Build.0 = Debug|Any CPU
		{CE0ECABB-03AD-42CE-A5BD-D0CC4DCE35AB}.Debug|x64.ActiveCfg = Debug|Any CPU
		{CE0ECABB-03AD-42CE-A5BD-D0CC4DCE35AB}.Debug|x64.Build.0 = Debug|Any CPU
		{CE0ECABB-03AD-42CE-A5BD-D0CC4DCE35AB}.Debug|x86.ActiveCfg = Debug|Any CPU
		{CE0ECABB-03AD-42CE-A5BD-D0CC4DCE35AB}.Debug|x86.Build.0 = Debug|Any CPU
		{CE0ECABB-03AD-42CE-A5BD-D0CC4DCE35AB}.Release|Any CPU.ActiveCfg = Release|Any CPU
		{CE0ECABB-03AD-42CE-A5BD-D0CC4DCE35AB}.Release|Any CPU.Build.0 = Release|Any CPU
		{CE0ECABB-03AD-42CE-A5BD-D0CC4DCE35AB}.Release|x64.ActiveCfg = Release|Any CPU
		{CE0ECABB-03AD-42CE-A5BD-D0CC4DCE35AB}.Release|x64.Build.0 = Release|Any CPU
		{CE0ECABB-03AD-42CE-A5BD-D0CC4DCE35AB}.Release|x86.ActiveCfg = Release|Any CPU
		{CE0ECABB-03AD-42CE-A5BD-D0CC4DCE35AB}.Release|x86.Build.0 = Release|Any CPU
		{E1FD7B15-FA09-4F7F-A30E-9FBD9F765D02}.Debug|Any CPU.ActiveCfg = Debug|Any CPU
		{E1FD7B15-FA09-4F7F-A30E-9FBD9F765D02}.Debug|Any CPU.Build.0 = Debug|Any CPU
		{E1FD7B15-FA09-4F7F-A30E-9FBD9F765D02}.Debug|x64.ActiveCfg = Debug|Any CPU
		{E1FD7B15-FA09-4F7F-A30E-9FBD9F765D02}.Debug|x64.Build.0 = Debug|Any CPU
		{E1FD7B15-FA09-4F7F-A30E-9FBD9F765D02}.Debug|x86.ActiveCfg = Debug|Any CPU
		{E1FD7B15-FA09-4F7F-A30E-9FBD9F765D02}.Debug|x86.Build.0 = Debug|Any CPU
		{E1FD7B15-FA09-4F7F-A30E-9FBD9F765D02}.Release|Any CPU.ActiveCfg = Release|Any CPU
		{E1FD7B15-FA09-4F7F-A30E-9FBD9F765D02}.Release|Any CPU.Build.0 = Release|Any CPU
		{E1FD7B15-FA09-4F7F-A30E-9FBD9F765D02}.Release|x64.ActiveCfg = Release|Any CPU
		{E1FD7B15-FA09-4F7F-A30E-9FBD9F765D02}.Release|x64.Build.0 = Release|Any CPU
		{E1FD7B15-FA09-4F7F-A30E-9FBD9F765D02}.Release|x86.ActiveCfg = Release|Any CPU
		{E1FD7B15-FA09-4F7F-A30E-9FBD9F765D02}.Release|x86.Build.0 = Release|Any CPU
		{6EAF15B6-98BE-428B-A018-A5266521551E}.Debug|Any CPU.ActiveCfg = Debug|Any CPU
		{6EAF15B6-98BE-428B-A018-A5266521551E}.Debug|Any CPU.Build.0 = Debug|Any CPU
		{6EAF15B6-98BE-428B-A018-A5266521551E}.Debug|x64.ActiveCfg = Debug|Any CPU
		{6EAF15B6-98BE-428B-A018-A5266521551E}.Debug|x64.Build.0 = Debug|Any CPU
		{6EAF15B6-98BE-428B-A018-A5266521551E}.Debug|x86.ActiveCfg = Debug|Any CPU
		{6EAF15B6-98BE-428B-A018-A5266521551E}.Debug|x86.Build.0 = Debug|Any CPU
		{6EAF15B6-98BE-428B-A018-A5266521551E}.Release|Any CPU.ActiveCfg = Release|Any CPU
		{6EAF15B6-98BE-428B-A018-A5266521551E}.Release|Any CPU.Build.0 = Release|Any CPU
		{6EAF15B6-98BE-428B-A018-A5266521551E}.Release|x64.ActiveCfg = Release|Any CPU
		{6EAF15B6-98BE-428B-A018-A5266521551E}.Release|x64.Build.0 = Release|Any CPU
		{6EAF15B6-98BE-428B-A018-A5266521551E}.Release|x86.ActiveCfg = Release|Any CPU
		{6EAF15B6-98BE-428B-A018-A5266521551E}.Release|x86.Build.0 = Release|Any CPU
		{618B95DB-3A70-4DC8-BD87-00F636F72453}.Debug|Any CPU.ActiveCfg = Debug|Any CPU
		{618B95DB-3A70-4DC8-BD87-00F636F72453}.Debug|Any CPU.Build.0 = Debug|Any CPU
		{618B95DB-3A70-4DC8-BD87-00F636F72453}.Debug|x64.ActiveCfg = Debug|Any CPU
		{618B95DB-3A70-4DC8-BD87-00F636F72453}.Debug|x64.Build.0 = Debug|Any CPU
		{618B95DB-3A70-4DC8-BD87-00F636F72453}.Debug|x86.ActiveCfg = Debug|Any CPU
		{618B95DB-3A70-4DC8-BD87-00F636F72453}.Debug|x86.Build.0 = Debug|Any CPU
		{618B95DB-3A70-4DC8-BD87-00F636F72453}.Release|Any CPU.ActiveCfg = Release|Any CPU
		{618B95DB-3A70-4DC8-BD87-00F636F72453}.Release|Any CPU.Build.0 = Release|Any CPU
		{618B95DB-3A70-4DC8-BD87-00F636F72453}.Release|x64.ActiveCfg = Release|Any CPU
		{618B95DB-3A70-4DC8-BD87-00F636F72453}.Release|x64.Build.0 = Release|Any CPU
		{618B95DB-3A70-4DC8-BD87-00F636F72453}.Release|x86.ActiveCfg = Release|Any CPU
		{618B95DB-3A70-4DC8-BD87-00F636F72453}.Release|x86.Build.0 = Release|Any CPU
		{BC9E7408-508D-482D-8602-96E76ACBB5EA}.Debug|Any CPU.ActiveCfg = Debug|Any CPU
		{BC9E7408-508D-482D-8602-96E76ACBB5EA}.Debug|Any CPU.Build.0 = Debug|Any CPU
		{BC9E7408-508D-482D-8602-96E76ACBB5EA}.Debug|x64.ActiveCfg = Debug|Any CPU
		{BC9E7408-508D-482D-8602-96E76ACBB5EA}.Debug|x64.Build.0 = Debug|Any CPU
		{BC9E7408-508D-482D-8602-96E76ACBB5EA}.Debug|x86.ActiveCfg = Debug|Any CPU
		{BC9E7408-508D-482D-8602-96E76ACBB5EA}.Debug|x86.Build.0 = Debug|Any CPU
		{BC9E7408-508D-482D-8602-96E76ACBB5EA}.Release|Any CPU.ActiveCfg = Release|Any CPU
		{BC9E7408-508D-482D-8602-96E76ACBB5EA}.Release|Any CPU.Build.0 = Release|Any CPU
		{BC9E7408-508D-482D-8602-96E76ACBB5EA}.Release|x64.ActiveCfg = Release|Any CPU
		{BC9E7408-508D-482D-8602-96E76ACBB5EA}.Release|x64.Build.0 = Release|Any CPU
		{BC9E7408-508D-482D-8602-96E76ACBB5EA}.Release|x86.ActiveCfg = Release|Any CPU
		{BC9E7408-508D-482D-8602-96E76ACBB5EA}.Release|x86.Build.0 = Release|Any CPU
		{04935FA6-E48B-496F-8D6A-41A59232303D}.Debug|Any CPU.ActiveCfg = Debug|Any CPU
		{04935FA6-E48B-496F-8D6A-41A59232303D}.Debug|Any CPU.Build.0 = Debug|Any CPU
		{04935FA6-E48B-496F-8D6A-41A59232303D}.Debug|x64.ActiveCfg = Debug|Any CPU
		{04935FA6-E48B-496F-8D6A-41A59232303D}.Debug|x64.Build.0 = Debug|Any CPU
		{04935FA6-E48B-496F-8D6A-41A59232303D}.Debug|x86.ActiveCfg = Debug|Any CPU
		{04935FA6-E48B-496F-8D6A-41A59232303D}.Debug|x86.Build.0 = Debug|Any CPU
		{04935FA6-E48B-496F-8D6A-41A59232303D}.Release|Any CPU.ActiveCfg = Release|Any CPU
		{04935FA6-E48B-496F-8D6A-41A59232303D}.Release|Any CPU.Build.0 = Release|Any CPU
		{04935FA6-E48B-496F-8D6A-41A59232303D}.Release|x64.ActiveCfg = Release|Any CPU
		{04935FA6-E48B-496F-8D6A-41A59232303D}.Release|x64.Build.0 = Release|Any CPU
		{04935FA6-E48B-496F-8D6A-41A59232303D}.Release|x86.ActiveCfg = Release|Any CPU
		{04935FA6-E48B-496F-8D6A-41A59232303D}.Release|x86.Build.0 = Release|Any CPU
		{0CCE83BA-8B8B-4B98-8846-B62A61FDF170}.Debug|Any CPU.ActiveCfg = Debug|Any CPU
		{0CCE83BA-8B8B-4B98-8846-B62A61FDF170}.Debug|Any CPU.Build.0 = Debug|Any CPU
		{0CCE83BA-8B8B-4B98-8846-B62A61FDF170}.Debug|x64.ActiveCfg = Debug|Any CPU
		{0CCE83BA-8B8B-4B98-8846-B62A61FDF170}.Debug|x64.Build.0 = Debug|Any CPU
		{0CCE83BA-8B8B-4B98-8846-B62A61FDF170}.Debug|x86.ActiveCfg = Debug|Any CPU
		{0CCE83BA-8B8B-4B98-8846-B62A61FDF170}.Debug|x86.Build.0 = Debug|Any CPU
		{0CCE83BA-8B8B-4B98-8846-B62A61FDF170}.Release|Any CPU.ActiveCfg = Release|Any CPU
		{0CCE83BA-8B8B-4B98-8846-B62A61FDF170}.Release|Any CPU.Build.0 = Release|Any CPU
		{0CCE83BA-8B8B-4B98-8846-B62A61FDF170}.Release|x64.ActiveCfg = Release|Any CPU
		{0CCE83BA-8B8B-4B98-8846-B62A61FDF170}.Release|x64.Build.0 = Release|Any CPU
		{0CCE83BA-8B8B-4B98-8846-B62A61FDF170}.Release|x86.ActiveCfg = Release|Any CPU
		{0CCE83BA-8B8B-4B98-8846-B62A61FDF170}.Release|x86.Build.0 = Release|Any CPU
		{ED37372C-DFBF-4720-BD4B-CE1415961038}.Debug|Any CPU.ActiveCfg = Debug|Any CPU
		{ED37372C-DFBF-4720-BD4B-CE1415961038}.Debug|Any CPU.Build.0 = Debug|Any CPU
		{ED37372C-DFBF-4720-BD4B-CE1415961038}.Debug|x64.ActiveCfg = Debug|Any CPU
		{ED37372C-DFBF-4720-BD4B-CE1415961038}.Debug|x64.Build.0 = Debug|Any CPU
		{ED37372C-DFBF-4720-BD4B-CE1415961038}.Debug|x86.ActiveCfg = Debug|Any CPU
		{ED37372C-DFBF-4720-BD4B-CE1415961038}.Debug|x86.Build.0 = Debug|Any CPU
		{ED37372C-DFBF-4720-BD4B-CE1415961038}.Release|Any CPU.ActiveCfg = Release|Any CPU
		{ED37372C-DFBF-4720-BD4B-CE1415961038}.Release|Any CPU.Build.0 = Release|Any CPU
		{ED37372C-DFBF-4720-BD4B-CE1415961038}.Release|x64.ActiveCfg = Release|Any CPU
		{ED37372C-DFBF-4720-BD4B-CE1415961038}.Release|x64.Build.0 = Release|Any CPU
		{ED37372C-DFBF-4720-BD4B-CE1415961038}.Release|x86.ActiveCfg = Release|Any CPU
		{ED37372C-DFBF-4720-BD4B-CE1415961038}.Release|x86.Build.0 = Release|Any CPU
		{4330D46F-6703-4BA2-844D-177F722C0820}.Debug|Any CPU.ActiveCfg = Debug|Any CPU
		{4330D46F-6703-4BA2-844D-177F722C0820}.Debug|Any CPU.Build.0 = Debug|Any CPU
		{4330D46F-6703-4BA2-844D-177F722C0820}.Debug|x64.ActiveCfg = Debug|Any CPU
		{4330D46F-6703-4BA2-844D-177F722C0820}.Debug|x64.Build.0 = Debug|Any CPU
		{4330D46F-6703-4BA2-844D-177F722C0820}.Debug|x86.ActiveCfg = Debug|Any CPU
		{4330D46F-6703-4BA2-844D-177F722C0820}.Debug|x86.Build.0 = Debug|Any CPU
		{4330D46F-6703-4BA2-844D-177F722C0820}.Release|Any CPU.ActiveCfg = Release|Any CPU
		{4330D46F-6703-4BA2-844D-177F722C0820}.Release|Any CPU.Build.0 = Release|Any CPU
		{4330D46F-6703-4BA2-844D-177F722C0820}.Release|x64.ActiveCfg = Release|Any CPU
		{4330D46F-6703-4BA2-844D-177F722C0820}.Release|x64.Build.0 = Release|Any CPU
		{4330D46F-6703-4BA2-844D-177F722C0820}.Release|x86.ActiveCfg = Release|Any CPU
		{4330D46F-6703-4BA2-844D-177F722C0820}.Release|x86.Build.0 = Release|Any CPU
		{6785A554-BBBB-480C-8E4D-9FE90DD91A46}.Debug|Any CPU.ActiveCfg = Debug|Any CPU
		{6785A554-BBBB-480C-8E4D-9FE90DD91A46}.Debug|Any CPU.Build.0 = Debug|Any CPU
		{6785A554-BBBB-480C-8E4D-9FE90DD91A46}.Debug|x64.ActiveCfg = Debug|Any CPU
		{6785A554-BBBB-480C-8E4D-9FE90DD91A46}.Debug|x64.Build.0 = Debug|Any CPU
		{6785A554-BBBB-480C-8E4D-9FE90DD91A46}.Debug|x86.ActiveCfg = Debug|Any CPU
		{6785A554-BBBB-480C-8E4D-9FE90DD91A46}.Debug|x86.Build.0 = Debug|Any CPU
		{6785A554-BBBB-480C-8E4D-9FE90DD91A46}.Release|Any CPU.ActiveCfg = Release|Any CPU
		{6785A554-BBBB-480C-8E4D-9FE90DD91A46}.Release|Any CPU.Build.0 = Release|Any CPU
		{6785A554-BBBB-480C-8E4D-9FE90DD91A46}.Release|x64.ActiveCfg = Release|Any CPU
		{6785A554-BBBB-480C-8E4D-9FE90DD91A46}.Release|x64.Build.0 = Release|Any CPU
		{6785A554-BBBB-480C-8E4D-9FE90DD91A46}.Release|x86.ActiveCfg = Release|Any CPU
		{6785A554-BBBB-480C-8E4D-9FE90DD91A46}.Release|x86.Build.0 = Release|Any CPU
		{A4128935-B707-4D56-B924-27910EC92664}.Debug|Any CPU.ActiveCfg = Debug|Any CPU
		{A4128935-B707-4D56-B924-27910EC92664}.Debug|Any CPU.Build.0 = Debug|Any CPU
		{A4128935-B707-4D56-B924-27910EC92664}.Debug|x64.ActiveCfg = Debug|Any CPU
		{A4128935-B707-4D56-B924-27910EC92664}.Debug|x64.Build.0 = Debug|Any CPU
		{A4128935-B707-4D56-B924-27910EC92664}.Debug|x86.ActiveCfg = Debug|Any CPU
		{A4128935-B707-4D56-B924-27910EC92664}.Debug|x86.Build.0 = Debug|Any CPU
		{A4128935-B707-4D56-B924-27910EC92664}.Release|Any CPU.ActiveCfg = Release|Any CPU
		{A4128935-B707-4D56-B924-27910EC92664}.Release|Any CPU.Build.0 = Release|Any CPU
		{A4128935-B707-4D56-B924-27910EC92664}.Release|x64.ActiveCfg = Release|Any CPU
		{A4128935-B707-4D56-B924-27910EC92664}.Release|x64.Build.0 = Release|Any CPU
		{A4128935-B707-4D56-B924-27910EC92664}.Release|x86.ActiveCfg = Release|Any CPU
		{A4128935-B707-4D56-B924-27910EC92664}.Release|x86.Build.0 = Release|Any CPU
		{495060B4-BD80-4B18-AC44-4680F0D6D5DB}.Debug|Any CPU.ActiveCfg = Debug|Any CPU
		{495060B4-BD80-4B18-AC44-4680F0D6D5DB}.Debug|Any CPU.Build.0 = Debug|Any CPU
		{495060B4-BD80-4B18-AC44-4680F0D6D5DB}.Debug|x64.ActiveCfg = Debug|Any CPU
		{495060B4-BD80-4B18-AC44-4680F0D6D5DB}.Debug|x64.Build.0 = Debug|Any CPU
		{495060B4-BD80-4B18-AC44-4680F0D6D5DB}.Debug|x86.ActiveCfg = Debug|Any CPU
		{495060B4-BD80-4B18-AC44-4680F0D6D5DB}.Debug|x86.Build.0 = Debug|Any CPU
		{495060B4-BD80-4B18-AC44-4680F0D6D5DB}.Release|Any CPU.ActiveCfg = Release|Any CPU
		{495060B4-BD80-4B18-AC44-4680F0D6D5DB}.Release|Any CPU.Build.0 = Release|Any CPU
		{495060B4-BD80-4B18-AC44-4680F0D6D5DB}.Release|x64.ActiveCfg = Release|Any CPU
		{495060B4-BD80-4B18-AC44-4680F0D6D5DB}.Release|x64.Build.0 = Release|Any CPU
		{495060B4-BD80-4B18-AC44-4680F0D6D5DB}.Release|x86.ActiveCfg = Release|Any CPU
		{495060B4-BD80-4B18-AC44-4680F0D6D5DB}.Release|x86.Build.0 = Release|Any CPU
		{211F05D3-F8EE-497F-9DE9-AFFA0A72140D}.Debug|Any CPU.ActiveCfg = Debug|Any CPU
		{211F05D3-F8EE-497F-9DE9-AFFA0A72140D}.Debug|Any CPU.Build.0 = Debug|Any CPU
		{211F05D3-F8EE-497F-9DE9-AFFA0A72140D}.Debug|x64.ActiveCfg = Debug|Any CPU
		{211F05D3-F8EE-497F-9DE9-AFFA0A72140D}.Debug|x64.Build.0 = Debug|Any CPU
		{211F05D3-F8EE-497F-9DE9-AFFA0A72140D}.Debug|x86.ActiveCfg = Debug|Any CPU
		{211F05D3-F8EE-497F-9DE9-AFFA0A72140D}.Debug|x86.Build.0 = Debug|Any CPU
		{211F05D3-F8EE-497F-9DE9-AFFA0A72140D}.Release|Any CPU.ActiveCfg = Release|Any CPU
		{211F05D3-F8EE-497F-9DE9-AFFA0A72140D}.Release|Any CPU.Build.0 = Release|Any CPU
		{211F05D3-F8EE-497F-9DE9-AFFA0A72140D}.Release|x64.ActiveCfg = Release|Any CPU
		{211F05D3-F8EE-497F-9DE9-AFFA0A72140D}.Release|x64.Build.0 = Release|Any CPU
		{211F05D3-F8EE-497F-9DE9-AFFA0A72140D}.Release|x86.ActiveCfg = Release|Any CPU
		{211F05D3-F8EE-497F-9DE9-AFFA0A72140D}.Release|x86.Build.0 = Release|Any CPU
		{84823BA5-B860-4CAF-885E-981D7F121830}.Debug|Any CPU.ActiveCfg = Debug|Any CPU
		{84823BA5-B860-4CAF-885E-981D7F121830}.Debug|Any CPU.Build.0 = Debug|Any CPU
		{84823BA5-B860-4CAF-885E-981D7F121830}.Debug|x64.ActiveCfg = Debug|Any CPU
		{84823BA5-B860-4CAF-885E-981D7F121830}.Debug|x64.Build.0 = Debug|Any CPU
		{84823BA5-B860-4CAF-885E-981D7F121830}.Debug|x86.ActiveCfg = Debug|Any CPU
		{84823BA5-B860-4CAF-885E-981D7F121830}.Debug|x86.Build.0 = Debug|Any CPU
		{84823BA5-B860-4CAF-885E-981D7F121830}.Release|Any CPU.ActiveCfg = Release|Any CPU
		{84823BA5-B860-4CAF-885E-981D7F121830}.Release|Any CPU.Build.0 = Release|Any CPU
		{84823BA5-B860-4CAF-885E-981D7F121830}.Release|x64.ActiveCfg = Release|Any CPU
		{84823BA5-B860-4CAF-885E-981D7F121830}.Release|x64.Build.0 = Release|Any CPU
		{84823BA5-B860-4CAF-885E-981D7F121830}.Release|x86.ActiveCfg = Release|Any CPU
		{84823BA5-B860-4CAF-885E-981D7F121830}.Release|x86.Build.0 = Release|Any CPU
		{5CA29B44-C4A5-4310-9429-553F0BC9FC1D}.Debug|Any CPU.ActiveCfg = Debug|Any CPU
		{5CA29B44-C4A5-4310-9429-553F0BC9FC1D}.Debug|Any CPU.Build.0 = Debug|Any CPU
		{5CA29B44-C4A5-4310-9429-553F0BC9FC1D}.Debug|x64.ActiveCfg = Debug|Any CPU
		{5CA29B44-C4A5-4310-9429-553F0BC9FC1D}.Debug|x64.Build.0 = Debug|Any CPU
		{5CA29B44-C4A5-4310-9429-553F0BC9FC1D}.Debug|x86.ActiveCfg = Debug|Any CPU
		{5CA29B44-C4A5-4310-9429-553F0BC9FC1D}.Debug|x86.Build.0 = Debug|Any CPU
		{5CA29B44-C4A5-4310-9429-553F0BC9FC1D}.Release|Any CPU.ActiveCfg = Release|Any CPU
		{5CA29B44-C4A5-4310-9429-553F0BC9FC1D}.Release|Any CPU.Build.0 = Release|Any CPU
		{5CA29B44-C4A5-4310-9429-553F0BC9FC1D}.Release|x64.ActiveCfg = Release|Any CPU
		{5CA29B44-C4A5-4310-9429-553F0BC9FC1D}.Release|x64.Build.0 = Release|Any CPU
		{5CA29B44-C4A5-4310-9429-553F0BC9FC1D}.Release|x86.ActiveCfg = Release|Any CPU
		{5CA29B44-C4A5-4310-9429-553F0BC9FC1D}.Release|x86.Build.0 = Release|Any CPU
		{153E5218-E9C0-4ED8-9073-0802204C8B90}.Debug|Any CPU.ActiveCfg = Debug|Any CPU
		{153E5218-E9C0-4ED8-9073-0802204C8B90}.Debug|Any CPU.Build.0 = Debug|Any CPU
		{153E5218-E9C0-4ED8-9073-0802204C8B90}.Debug|x64.ActiveCfg = Debug|Any CPU
		{153E5218-E9C0-4ED8-9073-0802204C8B90}.Debug|x64.Build.0 = Debug|Any CPU
		{153E5218-E9C0-4ED8-9073-0802204C8B90}.Debug|x86.ActiveCfg = Debug|Any CPU
		{153E5218-E9C0-4ED8-9073-0802204C8B90}.Debug|x86.Build.0 = Debug|Any CPU
		{153E5218-E9C0-4ED8-9073-0802204C8B90}.Release|Any CPU.ActiveCfg = Release|Any CPU
		{153E5218-E9C0-4ED8-9073-0802204C8B90}.Release|Any CPU.Build.0 = Release|Any CPU
		{153E5218-E9C0-4ED8-9073-0802204C8B90}.Release|x64.ActiveCfg = Release|Any CPU
		{153E5218-E9C0-4ED8-9073-0802204C8B90}.Release|x64.Build.0 = Release|Any CPU
		{153E5218-E9C0-4ED8-9073-0802204C8B90}.Release|x86.ActiveCfg = Release|Any CPU
		{153E5218-E9C0-4ED8-9073-0802204C8B90}.Release|x86.Build.0 = Release|Any CPU
		{EFE77658-EDD7-4597-8016-CBE4A18951B0}.Debug|Any CPU.ActiveCfg = Debug|Any CPU
		{EFE77658-EDD7-4597-8016-CBE4A18951B0}.Debug|Any CPU.Build.0 = Debug|Any CPU
		{EFE77658-EDD7-4597-8016-CBE4A18951B0}.Debug|x64.ActiveCfg = Debug|Any CPU
		{EFE77658-EDD7-4597-8016-CBE4A18951B0}.Debug|x64.Build.0 = Debug|Any CPU
		{EFE77658-EDD7-4597-8016-CBE4A18951B0}.Debug|x86.ActiveCfg = Debug|Any CPU
		{EFE77658-EDD7-4597-8016-CBE4A18951B0}.Debug|x86.Build.0 = Debug|Any CPU
		{EFE77658-EDD7-4597-8016-CBE4A18951B0}.Release|Any CPU.ActiveCfg = Release|Any CPU
		{EFE77658-EDD7-4597-8016-CBE4A18951B0}.Release|Any CPU.Build.0 = Release|Any CPU
		{EFE77658-EDD7-4597-8016-CBE4A18951B0}.Release|x64.ActiveCfg = Release|Any CPU
		{EFE77658-EDD7-4597-8016-CBE4A18951B0}.Release|x64.Build.0 = Release|Any CPU
		{EFE77658-EDD7-4597-8016-CBE4A18951B0}.Release|x86.ActiveCfg = Release|Any CPU
		{EFE77658-EDD7-4597-8016-CBE4A18951B0}.Release|x86.Build.0 = Release|Any CPU
		{2D081A36-48F9-4A09-8247-420682545492}.Debug|Any CPU.ActiveCfg = Debug|Any CPU
		{2D081A36-48F9-4A09-8247-420682545492}.Debug|Any CPU.Build.0 = Debug|Any CPU
		{2D081A36-48F9-4A09-8247-420682545492}.Debug|x64.ActiveCfg = Debug|Any CPU
		{2D081A36-48F9-4A09-8247-420682545492}.Debug|x64.Build.0 = Debug|Any CPU
		{2D081A36-48F9-4A09-8247-420682545492}.Debug|x86.ActiveCfg = Debug|Any CPU
		{2D081A36-48F9-4A09-8247-420682545492}.Debug|x86.Build.0 = Debug|Any CPU
		{2D081A36-48F9-4A09-8247-420682545492}.Release|Any CPU.ActiveCfg = Release|Any CPU
		{2D081A36-48F9-4A09-8247-420682545492}.Release|Any CPU.Build.0 = Release|Any CPU
		{2D081A36-48F9-4A09-8247-420682545492}.Release|x64.ActiveCfg = Release|Any CPU
		{2D081A36-48F9-4A09-8247-420682545492}.Release|x64.Build.0 = Release|Any CPU
		{2D081A36-48F9-4A09-8247-420682545492}.Release|x86.ActiveCfg = Release|Any CPU
		{2D081A36-48F9-4A09-8247-420682545492}.Release|x86.Build.0 = Release|Any CPU
		{0911F996-DF86-4FB1-A1CE-0539599EC0E0}.Debug|Any CPU.ActiveCfg = Debug|Any CPU
		{0911F996-DF86-4FB1-A1CE-0539599EC0E0}.Debug|Any CPU.Build.0 = Debug|Any CPU
		{0911F996-DF86-4FB1-A1CE-0539599EC0E0}.Debug|x64.ActiveCfg = Debug|Any CPU
		{0911F996-DF86-4FB1-A1CE-0539599EC0E0}.Debug|x64.Build.0 = Debug|Any CPU
		{0911F996-DF86-4FB1-A1CE-0539599EC0E0}.Debug|x86.ActiveCfg = Debug|Any CPU
		{0911F996-DF86-4FB1-A1CE-0539599EC0E0}.Debug|x86.Build.0 = Debug|Any CPU
		{0911F996-DF86-4FB1-A1CE-0539599EC0E0}.Release|Any CPU.ActiveCfg = Release|Any CPU
		{0911F996-DF86-4FB1-A1CE-0539599EC0E0}.Release|Any CPU.Build.0 = Release|Any CPU
		{0911F996-DF86-4FB1-A1CE-0539599EC0E0}.Release|x64.ActiveCfg = Release|Any CPU
		{0911F996-DF86-4FB1-A1CE-0539599EC0E0}.Release|x64.Build.0 = Release|Any CPU
		{0911F996-DF86-4FB1-A1CE-0539599EC0E0}.Release|x86.ActiveCfg = Release|Any CPU
		{0911F996-DF86-4FB1-A1CE-0539599EC0E0}.Release|x86.Build.0 = Release|Any CPU
		{DF1D84AF-27B8-4F87-A673-CCFADC3AAF02}.Debug|Any CPU.ActiveCfg = Debug|Any CPU
		{DF1D84AF-27B8-4F87-A673-CCFADC3AAF02}.Debug|Any CPU.Build.0 = Debug|Any CPU
		{DF1D84AF-27B8-4F87-A673-CCFADC3AAF02}.Debug|x64.ActiveCfg = Debug|Any CPU
		{DF1D84AF-27B8-4F87-A673-CCFADC3AAF02}.Debug|x64.Build.0 = Debug|Any CPU
		{DF1D84AF-27B8-4F87-A673-CCFADC3AAF02}.Debug|x86.ActiveCfg = Debug|Any CPU
		{DF1D84AF-27B8-4F87-A673-CCFADC3AAF02}.Debug|x86.Build.0 = Debug|Any CPU
		{DF1D84AF-27B8-4F87-A673-CCFADC3AAF02}.Release|Any CPU.ActiveCfg = Release|Any CPU
		{DF1D84AF-27B8-4F87-A673-CCFADC3AAF02}.Release|Any CPU.Build.0 = Release|Any CPU
		{DF1D84AF-27B8-4F87-A673-CCFADC3AAF02}.Release|x64.ActiveCfg = Release|Any CPU
		{DF1D84AF-27B8-4F87-A673-CCFADC3AAF02}.Release|x64.Build.0 = Release|Any CPU
		{DF1D84AF-27B8-4F87-A673-CCFADC3AAF02}.Release|x86.ActiveCfg = Release|Any CPU
		{DF1D84AF-27B8-4F87-A673-CCFADC3AAF02}.Release|x86.Build.0 = Release|Any CPU
		{D6DFAC7C-82F4-4318-A9F0-6450D2945D96}.Debug|Any CPU.ActiveCfg = Debug|Any CPU
		{D6DFAC7C-82F4-4318-A9F0-6450D2945D96}.Debug|Any CPU.Build.0 = Debug|Any CPU
		{D6DFAC7C-82F4-4318-A9F0-6450D2945D96}.Debug|x64.ActiveCfg = Debug|Any CPU
		{D6DFAC7C-82F4-4318-A9F0-6450D2945D96}.Debug|x64.Build.0 = Debug|Any CPU
		{D6DFAC7C-82F4-4318-A9F0-6450D2945D96}.Debug|x86.ActiveCfg = Debug|Any CPU
		{D6DFAC7C-82F4-4318-A9F0-6450D2945D96}.Debug|x86.Build.0 = Debug|Any CPU
		{D6DFAC7C-82F4-4318-A9F0-6450D2945D96}.Release|Any CPU.ActiveCfg = Release|Any CPU
		{D6DFAC7C-82F4-4318-A9F0-6450D2945D96}.Release|Any CPU.Build.0 = Release|Any CPU
		{D6DFAC7C-82F4-4318-A9F0-6450D2945D96}.Release|x64.ActiveCfg = Release|Any CPU
		{D6DFAC7C-82F4-4318-A9F0-6450D2945D96}.Release|x64.Build.0 = Release|Any CPU
		{D6DFAC7C-82F4-4318-A9F0-6450D2945D96}.Release|x86.ActiveCfg = Release|Any CPU
		{D6DFAC7C-82F4-4318-A9F0-6450D2945D96}.Release|x86.Build.0 = Release|Any CPU
		{9E194D13-F5A0-4430-8F87-D74326457385}.Debug|Any CPU.ActiveCfg = Debug|Any CPU
		{9E194D13-F5A0-4430-8F87-D74326457385}.Debug|Any CPU.Build.0 = Debug|Any CPU
		{9E194D13-F5A0-4430-8F87-D74326457385}.Debug|x64.ActiveCfg = Debug|Any CPU
		{9E194D13-F5A0-4430-8F87-D74326457385}.Debug|x64.Build.0 = Debug|Any CPU
		{9E194D13-F5A0-4430-8F87-D74326457385}.Debug|x86.ActiveCfg = Debug|Any CPU
		{9E194D13-F5A0-4430-8F87-D74326457385}.Debug|x86.Build.0 = Debug|Any CPU
		{9E194D13-F5A0-4430-8F87-D74326457385}.Release|Any CPU.ActiveCfg = Release|Any CPU
		{9E194D13-F5A0-4430-8F87-D74326457385}.Release|Any CPU.Build.0 = Release|Any CPU
		{9E194D13-F5A0-4430-8F87-D74326457385}.Release|x64.ActiveCfg = Release|Any CPU
		{9E194D13-F5A0-4430-8F87-D74326457385}.Release|x64.Build.0 = Release|Any CPU
		{9E194D13-F5A0-4430-8F87-D74326457385}.Release|x86.ActiveCfg = Release|Any CPU
		{9E194D13-F5A0-4430-8F87-D74326457385}.Release|x86.Build.0 = Release|Any CPU
		{214F0E80-D2E3-4E19-A3FC-2BE15B3906B0}.Debug|Any CPU.ActiveCfg = Debug|Any CPU
		{214F0E80-D2E3-4E19-A3FC-2BE15B3906B0}.Debug|Any CPU.Build.0 = Debug|Any CPU
		{214F0E80-D2E3-4E19-A3FC-2BE15B3906B0}.Debug|x64.ActiveCfg = Debug|Any CPU
		{214F0E80-D2E3-4E19-A3FC-2BE15B3906B0}.Debug|x64.Build.0 = Debug|Any CPU
		{214F0E80-D2E3-4E19-A3FC-2BE15B3906B0}.Debug|x86.ActiveCfg = Debug|Any CPU
		{214F0E80-D2E3-4E19-A3FC-2BE15B3906B0}.Debug|x86.Build.0 = Debug|Any CPU
		{214F0E80-D2E3-4E19-A3FC-2BE15B3906B0}.Release|Any CPU.ActiveCfg = Release|Any CPU
		{214F0E80-D2E3-4E19-A3FC-2BE15B3906B0}.Release|Any CPU.Build.0 = Release|Any CPU
		{214F0E80-D2E3-4E19-A3FC-2BE15B3906B0}.Release|x64.ActiveCfg = Release|Any CPU
		{214F0E80-D2E3-4E19-A3FC-2BE15B3906B0}.Release|x64.Build.0 = Release|Any CPU
		{214F0E80-D2E3-4E19-A3FC-2BE15B3906B0}.Release|x86.ActiveCfg = Release|Any CPU
		{214F0E80-D2E3-4E19-A3FC-2BE15B3906B0}.Release|x86.Build.0 = Release|Any CPU
		{1E75CB7D-2A4A-4B03-80A9-7B7D59B18BB4}.Debug|Any CPU.ActiveCfg = Debug|Any CPU
		{1E75CB7D-2A4A-4B03-80A9-7B7D59B18BB4}.Debug|Any CPU.Build.0 = Debug|Any CPU
		{1E75CB7D-2A4A-4B03-80A9-7B7D59B18BB4}.Debug|x64.ActiveCfg = Debug|Any CPU
		{1E75CB7D-2A4A-4B03-80A9-7B7D59B18BB4}.Debug|x64.Build.0 = Debug|Any CPU
		{1E75CB7D-2A4A-4B03-80A9-7B7D59B18BB4}.Debug|x86.ActiveCfg = Debug|Any CPU
		{1E75CB7D-2A4A-4B03-80A9-7B7D59B18BB4}.Debug|x86.Build.0 = Debug|Any CPU
		{1E75CB7D-2A4A-4B03-80A9-7B7D59B18BB4}.Release|Any CPU.ActiveCfg = Release|Any CPU
		{1E75CB7D-2A4A-4B03-80A9-7B7D59B18BB4}.Release|Any CPU.Build.0 = Release|Any CPU
		{1E75CB7D-2A4A-4B03-80A9-7B7D59B18BB4}.Release|x64.ActiveCfg = Release|Any CPU
		{1E75CB7D-2A4A-4B03-80A9-7B7D59B18BB4}.Release|x64.Build.0 = Release|Any CPU
		{1E75CB7D-2A4A-4B03-80A9-7B7D59B18BB4}.Release|x86.ActiveCfg = Release|Any CPU
		{1E75CB7D-2A4A-4B03-80A9-7B7D59B18BB4}.Release|x86.Build.0 = Release|Any CPU
		{396D9209-0D9A-4E61-9471-04C71F6CA6B9}.Debug|Any CPU.ActiveCfg = Debug|Any CPU
		{396D9209-0D9A-4E61-9471-04C71F6CA6B9}.Debug|Any CPU.Build.0 = Debug|Any CPU
		{396D9209-0D9A-4E61-9471-04C71F6CA6B9}.Debug|x64.ActiveCfg = Debug|Any CPU
		{396D9209-0D9A-4E61-9471-04C71F6CA6B9}.Debug|x64.Build.0 = Debug|Any CPU
		{396D9209-0D9A-4E61-9471-04C71F6CA6B9}.Debug|x86.ActiveCfg = Debug|Any CPU
		{396D9209-0D9A-4E61-9471-04C71F6CA6B9}.Debug|x86.Build.0 = Debug|Any CPU
		{396D9209-0D9A-4E61-9471-04C71F6CA6B9}.Release|Any CPU.ActiveCfg = Release|Any CPU
		{396D9209-0D9A-4E61-9471-04C71F6CA6B9}.Release|Any CPU.Build.0 = Release|Any CPU
		{396D9209-0D9A-4E61-9471-04C71F6CA6B9}.Release|x64.ActiveCfg = Release|Any CPU
		{396D9209-0D9A-4E61-9471-04C71F6CA6B9}.Release|x64.Build.0 = Release|Any CPU
		{396D9209-0D9A-4E61-9471-04C71F6CA6B9}.Release|x86.ActiveCfg = Release|Any CPU
		{396D9209-0D9A-4E61-9471-04C71F6CA6B9}.Release|x86.Build.0 = Release|Any CPU
		{D4078011-2611-46A7-8A30-55E4AB8FA786}.Debug|Any CPU.ActiveCfg = Debug|Any CPU
		{D4078011-2611-46A7-8A30-55E4AB8FA786}.Debug|Any CPU.Build.0 = Debug|Any CPU
		{D4078011-2611-46A7-8A30-55E4AB8FA786}.Debug|x64.ActiveCfg = Debug|Any CPU
		{D4078011-2611-46A7-8A30-55E4AB8FA786}.Debug|x64.Build.0 = Debug|Any CPU
		{D4078011-2611-46A7-8A30-55E4AB8FA786}.Debug|x86.ActiveCfg = Debug|Any CPU
		{D4078011-2611-46A7-8A30-55E4AB8FA786}.Debug|x86.Build.0 = Debug|Any CPU
		{D4078011-2611-46A7-8A30-55E4AB8FA786}.Release|Any CPU.ActiveCfg = Release|Any CPU
		{D4078011-2611-46A7-8A30-55E4AB8FA786}.Release|Any CPU.Build.0 = Release|Any CPU
		{D4078011-2611-46A7-8A30-55E4AB8FA786}.Release|x64.ActiveCfg = Release|Any CPU
		{D4078011-2611-46A7-8A30-55E4AB8FA786}.Release|x64.Build.0 = Release|Any CPU
		{D4078011-2611-46A7-8A30-55E4AB8FA786}.Release|x86.ActiveCfg = Release|Any CPU
		{D4078011-2611-46A7-8A30-55E4AB8FA786}.Release|x86.Build.0 = Release|Any CPU
		{DCE8EC51-1E58-49A0-82CF-5BE269FA0A9D}.Debug|Any CPU.ActiveCfg = Debug|Any CPU
		{DCE8EC51-1E58-49A0-82CF-5BE269FA0A9D}.Debug|Any CPU.Build.0 = Debug|Any CPU
		{DCE8EC51-1E58-49A0-82CF-5BE269FA0A9D}.Debug|x64.ActiveCfg = Debug|Any CPU
		{DCE8EC51-1E58-49A0-82CF-5BE269FA0A9D}.Debug|x64.Build.0 = Debug|Any CPU
		{DCE8EC51-1E58-49A0-82CF-5BE269FA0A9D}.Debug|x86.ActiveCfg = Debug|Any CPU
		{DCE8EC51-1E58-49A0-82CF-5BE269FA0A9D}.Debug|x86.Build.0 = Debug|Any CPU
		{DCE8EC51-1E58-49A0-82CF-5BE269FA0A9D}.Release|Any CPU.ActiveCfg = Release|Any CPU
		{DCE8EC51-1E58-49A0-82CF-5BE269FA0A9D}.Release|Any CPU.Build.0 = Release|Any CPU
		{DCE8EC51-1E58-49A0-82CF-5BE269FA0A9D}.Release|x64.ActiveCfg = Release|Any CPU
		{DCE8EC51-1E58-49A0-82CF-5BE269FA0A9D}.Release|x64.Build.0 = Release|Any CPU
		{DCE8EC51-1E58-49A0-82CF-5BE269FA0A9D}.Release|x86.ActiveCfg = Release|Any CPU
		{DCE8EC51-1E58-49A0-82CF-5BE269FA0A9D}.Release|x86.Build.0 = Release|Any CPU
		{C9CAA69C-575A-442E-9D8A-69C53B39D72C}.Debug|Any CPU.ActiveCfg = Debug|Any CPU
		{C9CAA69C-575A-442E-9D8A-69C53B39D72C}.Debug|Any CPU.Build.0 = Debug|Any CPU
		{C9CAA69C-575A-442E-9D8A-69C53B39D72C}.Debug|x64.ActiveCfg = Debug|Any CPU
		{C9CAA69C-575A-442E-9D8A-69C53B39D72C}.Debug|x64.Build.0 = Debug|Any CPU
		{C9CAA69C-575A-442E-9D8A-69C53B39D72C}.Debug|x86.ActiveCfg = Debug|Any CPU
		{C9CAA69C-575A-442E-9D8A-69C53B39D72C}.Debug|x86.Build.0 = Debug|Any CPU
		{C9CAA69C-575A-442E-9D8A-69C53B39D72C}.Release|Any CPU.ActiveCfg = Release|Any CPU
		{C9CAA69C-575A-442E-9D8A-69C53B39D72C}.Release|Any CPU.Build.0 = Release|Any CPU
		{C9CAA69C-575A-442E-9D8A-69C53B39D72C}.Release|x64.ActiveCfg = Release|Any CPU
		{C9CAA69C-575A-442E-9D8A-69C53B39D72C}.Release|x64.Build.0 = Release|Any CPU
		{C9CAA69C-575A-442E-9D8A-69C53B39D72C}.Release|x86.ActiveCfg = Release|Any CPU
		{C9CAA69C-575A-442E-9D8A-69C53B39D72C}.Release|x86.Build.0 = Release|Any CPU
		{3D1C46E1-7A9E-4A4B-8D95-68613603DEDF}.Debug|Any CPU.ActiveCfg = Debug|Any CPU
		{3D1C46E1-7A9E-4A4B-8D95-68613603DEDF}.Debug|Any CPU.Build.0 = Debug|Any CPU
		{3D1C46E1-7A9E-4A4B-8D95-68613603DEDF}.Debug|x64.ActiveCfg = Debug|Any CPU
		{3D1C46E1-7A9E-4A4B-8D95-68613603DEDF}.Debug|x64.Build.0 = Debug|Any CPU
		{3D1C46E1-7A9E-4A4B-8D95-68613603DEDF}.Debug|x86.ActiveCfg = Debug|Any CPU
		{3D1C46E1-7A9E-4A4B-8D95-68613603DEDF}.Debug|x86.Build.0 = Debug|Any CPU
		{3D1C46E1-7A9E-4A4B-8D95-68613603DEDF}.Release|Any CPU.ActiveCfg = Release|Any CPU
		{3D1C46E1-7A9E-4A4B-8D95-68613603DEDF}.Release|Any CPU.Build.0 = Release|Any CPU
		{3D1C46E1-7A9E-4A4B-8D95-68613603DEDF}.Release|x64.ActiveCfg = Release|Any CPU
		{3D1C46E1-7A9E-4A4B-8D95-68613603DEDF}.Release|x64.Build.0 = Release|Any CPU
		{3D1C46E1-7A9E-4A4B-8D95-68613603DEDF}.Release|x86.ActiveCfg = Release|Any CPU
		{3D1C46E1-7A9E-4A4B-8D95-68613603DEDF}.Release|x86.Build.0 = Release|Any CPU
		{CDE5F48B-1B52-4BB2-BFB8-4FA23B6730C8}.Debug|Any CPU.ActiveCfg = Debug|Any CPU
		{CDE5F48B-1B52-4BB2-BFB8-4FA23B6730C8}.Debug|Any CPU.Build.0 = Debug|Any CPU
		{CDE5F48B-1B52-4BB2-BFB8-4FA23B6730C8}.Debug|x64.ActiveCfg = Debug|Any CPU
		{CDE5F48B-1B52-4BB2-BFB8-4FA23B6730C8}.Debug|x64.Build.0 = Debug|Any CPU
		{CDE5F48B-1B52-4BB2-BFB8-4FA23B6730C8}.Debug|x86.ActiveCfg = Debug|Any CPU
		{CDE5F48B-1B52-4BB2-BFB8-4FA23B6730C8}.Debug|x86.Build.0 = Debug|Any CPU
		{CDE5F48B-1B52-4BB2-BFB8-4FA23B6730C8}.Release|Any CPU.ActiveCfg = Release|Any CPU
		{CDE5F48B-1B52-4BB2-BFB8-4FA23B6730C8}.Release|Any CPU.Build.0 = Release|Any CPU
		{CDE5F48B-1B52-4BB2-BFB8-4FA23B6730C8}.Release|x64.ActiveCfg = Release|Any CPU
		{CDE5F48B-1B52-4BB2-BFB8-4FA23B6730C8}.Release|x64.Build.0 = Release|Any CPU
		{CDE5F48B-1B52-4BB2-BFB8-4FA23B6730C8}.Release|x86.ActiveCfg = Release|Any CPU
		{CDE5F48B-1B52-4BB2-BFB8-4FA23B6730C8}.Release|x86.Build.0 = Release|Any CPU
		{B7B8EAD5-6041-4C29-BCEE-0E816EDAC932}.Debug|Any CPU.ActiveCfg = Debug|Any CPU
		{B7B8EAD5-6041-4C29-BCEE-0E816EDAC932}.Debug|Any CPU.Build.0 = Debug|Any CPU
		{B7B8EAD5-6041-4C29-BCEE-0E816EDAC932}.Debug|x64.ActiveCfg = Debug|Any CPU
		{B7B8EAD5-6041-4C29-BCEE-0E816EDAC932}.Debug|x64.Build.0 = Debug|Any CPU
		{B7B8EAD5-6041-4C29-BCEE-0E816EDAC932}.Debug|x86.ActiveCfg = Debug|Any CPU
		{B7B8EAD5-6041-4C29-BCEE-0E816EDAC932}.Debug|x86.Build.0 = Debug|Any CPU
		{B7B8EAD5-6041-4C29-BCEE-0E816EDAC932}.Release|Any CPU.ActiveCfg = Release|Any CPU
		{B7B8EAD5-6041-4C29-BCEE-0E816EDAC932}.Release|Any CPU.Build.0 = Release|Any CPU
		{B7B8EAD5-6041-4C29-BCEE-0E816EDAC932}.Release|x64.ActiveCfg = Release|Any CPU
		{B7B8EAD5-6041-4C29-BCEE-0E816EDAC932}.Release|x64.Build.0 = Release|Any CPU
		{B7B8EAD5-6041-4C29-BCEE-0E816EDAC932}.Release|x86.ActiveCfg = Release|Any CPU
		{B7B8EAD5-6041-4C29-BCEE-0E816EDAC932}.Release|x86.Build.0 = Release|Any CPU
		{2E3A7EAB-7D23-4B91-BDAD-E23A0FBB836C}.Debug|Any CPU.ActiveCfg = Debug|Any CPU
		{2E3A7EAB-7D23-4B91-BDAD-E23A0FBB836C}.Debug|Any CPU.Build.0 = Debug|Any CPU
		{2E3A7EAB-7D23-4B91-BDAD-E23A0FBB836C}.Debug|x64.ActiveCfg = Debug|Any CPU
		{2E3A7EAB-7D23-4B91-BDAD-E23A0FBB836C}.Debug|x64.Build.0 = Debug|Any CPU
		{2E3A7EAB-7D23-4B91-BDAD-E23A0FBB836C}.Debug|x86.ActiveCfg = Debug|Any CPU
		{2E3A7EAB-7D23-4B91-BDAD-E23A0FBB836C}.Debug|x86.Build.0 = Debug|Any CPU
		{2E3A7EAB-7D23-4B91-BDAD-E23A0FBB836C}.Release|Any CPU.ActiveCfg = Release|Any CPU
		{2E3A7EAB-7D23-4B91-BDAD-E23A0FBB836C}.Release|Any CPU.Build.0 = Release|Any CPU
		{2E3A7EAB-7D23-4B91-BDAD-E23A0FBB836C}.Release|x64.ActiveCfg = Release|Any CPU
		{2E3A7EAB-7D23-4B91-BDAD-E23A0FBB836C}.Release|x64.Build.0 = Release|Any CPU
		{2E3A7EAB-7D23-4B91-BDAD-E23A0FBB836C}.Release|x86.ActiveCfg = Release|Any CPU
		{2E3A7EAB-7D23-4B91-BDAD-E23A0FBB836C}.Release|x86.Build.0 = Release|Any CPU
		{709C432E-273D-4E7D-9131-A77B58855F8E}.Debug|Any CPU.ActiveCfg = Debug|Any CPU
		{709C432E-273D-4E7D-9131-A77B58855F8E}.Debug|Any CPU.Build.0 = Debug|Any CPU
		{709C432E-273D-4E7D-9131-A77B58855F8E}.Debug|x64.ActiveCfg = Debug|Any CPU
		{709C432E-273D-4E7D-9131-A77B58855F8E}.Debug|x64.Build.0 = Debug|Any CPU
		{709C432E-273D-4E7D-9131-A77B58855F8E}.Debug|x86.ActiveCfg = Debug|Any CPU
		{709C432E-273D-4E7D-9131-A77B58855F8E}.Debug|x86.Build.0 = Debug|Any CPU
		{709C432E-273D-4E7D-9131-A77B58855F8E}.Release|Any CPU.ActiveCfg = Release|Any CPU
		{709C432E-273D-4E7D-9131-A77B58855F8E}.Release|Any CPU.Build.0 = Release|Any CPU
		{709C432E-273D-4E7D-9131-A77B58855F8E}.Release|x64.ActiveCfg = Release|Any CPU
		{709C432E-273D-4E7D-9131-A77B58855F8E}.Release|x64.Build.0 = Release|Any CPU
		{709C432E-273D-4E7D-9131-A77B58855F8E}.Release|x86.ActiveCfg = Release|Any CPU
		{709C432E-273D-4E7D-9131-A77B58855F8E}.Release|x86.Build.0 = Release|Any CPU
		{F01F1CB4-D7A1-4AC7-962E-A40F3588AEDF}.Debug|Any CPU.ActiveCfg = Debug|Any CPU
		{F01F1CB4-D7A1-4AC7-962E-A40F3588AEDF}.Debug|Any CPU.Build.0 = Debug|Any CPU
		{F01F1CB4-D7A1-4AC7-962E-A40F3588AEDF}.Debug|x64.ActiveCfg = Debug|Any CPU
		{F01F1CB4-D7A1-4AC7-962E-A40F3588AEDF}.Debug|x64.Build.0 = Debug|Any CPU
		{F01F1CB4-D7A1-4AC7-962E-A40F3588AEDF}.Debug|x86.ActiveCfg = Debug|Any CPU
		{F01F1CB4-D7A1-4AC7-962E-A40F3588AEDF}.Debug|x86.Build.0 = Debug|Any CPU
		{F01F1CB4-D7A1-4AC7-962E-A40F3588AEDF}.Release|Any CPU.ActiveCfg = Release|Any CPU
		{F01F1CB4-D7A1-4AC7-962E-A40F3588AEDF}.Release|Any CPU.Build.0 = Release|Any CPU
		{F01F1CB4-D7A1-4AC7-962E-A40F3588AEDF}.Release|x64.ActiveCfg = Release|Any CPU
		{F01F1CB4-D7A1-4AC7-962E-A40F3588AEDF}.Release|x64.Build.0 = Release|Any CPU
		{F01F1CB4-D7A1-4AC7-962E-A40F3588AEDF}.Release|x86.ActiveCfg = Release|Any CPU
		{F01F1CB4-D7A1-4AC7-962E-A40F3588AEDF}.Release|x86.Build.0 = Release|Any CPU
		{DD15CB81-AD29-4738-B4F0-D238E29476DF}.Debug|Any CPU.ActiveCfg = Debug|Any CPU
		{DD15CB81-AD29-4738-B4F0-D238E29476DF}.Debug|Any CPU.Build.0 = Debug|Any CPU
		{DD15CB81-AD29-4738-B4F0-D238E29476DF}.Debug|x64.ActiveCfg = Debug|Any CPU
		{DD15CB81-AD29-4738-B4F0-D238E29476DF}.Debug|x64.Build.0 = Debug|Any CPU
		{DD15CB81-AD29-4738-B4F0-D238E29476DF}.Debug|x86.ActiveCfg = Debug|Any CPU
		{DD15CB81-AD29-4738-B4F0-D238E29476DF}.Debug|x86.Build.0 = Debug|Any CPU
		{DD15CB81-AD29-4738-B4F0-D238E29476DF}.Release|Any CPU.ActiveCfg = Release|Any CPU
		{DD15CB81-AD29-4738-B4F0-D238E29476DF}.Release|Any CPU.Build.0 = Release|Any CPU
		{DD15CB81-AD29-4738-B4F0-D238E29476DF}.Release|x64.ActiveCfg = Release|Any CPU
		{DD15CB81-AD29-4738-B4F0-D238E29476DF}.Release|x64.Build.0 = Release|Any CPU
		{DD15CB81-AD29-4738-B4F0-D238E29476DF}.Release|x86.ActiveCfg = Release|Any CPU
		{DD15CB81-AD29-4738-B4F0-D238E29476DF}.Release|x86.Build.0 = Release|Any CPU
		{1DC89C54-D960-44E5-A1BE-F37719FD3DB4}.Debug|Any CPU.ActiveCfg = Debug|Any CPU
		{1DC89C54-D960-44E5-A1BE-F37719FD3DB4}.Debug|Any CPU.Build.0 = Debug|Any CPU
		{1DC89C54-D960-44E5-A1BE-F37719FD3DB4}.Debug|x64.ActiveCfg = Debug|Any CPU
		{1DC89C54-D960-44E5-A1BE-F37719FD3DB4}.Debug|x64.Build.0 = Debug|Any CPU
		{1DC89C54-D960-44E5-A1BE-F37719FD3DB4}.Debug|x86.ActiveCfg = Debug|Any CPU
		{1DC89C54-D960-44E5-A1BE-F37719FD3DB4}.Debug|x86.Build.0 = Debug|Any CPU
		{1DC89C54-D960-44E5-A1BE-F37719FD3DB4}.Release|Any CPU.ActiveCfg = Release|Any CPU
		{1DC89C54-D960-44E5-A1BE-F37719FD3DB4}.Release|Any CPU.Build.0 = Release|Any CPU
		{1DC89C54-D960-44E5-A1BE-F37719FD3DB4}.Release|x64.ActiveCfg = Release|Any CPU
		{1DC89C54-D960-44E5-A1BE-F37719FD3DB4}.Release|x64.Build.0 = Release|Any CPU
		{1DC89C54-D960-44E5-A1BE-F37719FD3DB4}.Release|x86.ActiveCfg = Release|Any CPU
		{1DC89C54-D960-44E5-A1BE-F37719FD3DB4}.Release|x86.Build.0 = Release|Any CPU
		{601446FE-02BC-4B0E-B991-D5937DF60DC9}.Debug|Any CPU.ActiveCfg = Debug|Any CPU
		{601446FE-02BC-4B0E-B991-D5937DF60DC9}.Debug|Any CPU.Build.0 = Debug|Any CPU
		{601446FE-02BC-4B0E-B991-D5937DF60DC9}.Debug|x64.ActiveCfg = Debug|Any CPU
		{601446FE-02BC-4B0E-B991-D5937DF60DC9}.Debug|x64.Build.0 = Debug|Any CPU
		{601446FE-02BC-4B0E-B991-D5937DF60DC9}.Debug|x86.ActiveCfg = Debug|Any CPU
		{601446FE-02BC-4B0E-B991-D5937DF60DC9}.Debug|x86.Build.0 = Debug|Any CPU
		{601446FE-02BC-4B0E-B991-D5937DF60DC9}.Release|Any CPU.ActiveCfg = Release|Any CPU
		{601446FE-02BC-4B0E-B991-D5937DF60DC9}.Release|Any CPU.Build.0 = Release|Any CPU
		{601446FE-02BC-4B0E-B991-D5937DF60DC9}.Release|x64.ActiveCfg = Release|Any CPU
		{601446FE-02BC-4B0E-B991-D5937DF60DC9}.Release|x64.Build.0 = Release|Any CPU
		{601446FE-02BC-4B0E-B991-D5937DF60DC9}.Release|x86.ActiveCfg = Release|Any CPU
		{601446FE-02BC-4B0E-B991-D5937DF60DC9}.Release|x86.Build.0 = Release|Any CPU
		{EF6D4E01-006F-4744-9D82-3A35EB702126}.Debug|Any CPU.ActiveCfg = Debug|Any CPU
		{EF6D4E01-006F-4744-9D82-3A35EB702126}.Debug|Any CPU.Build.0 = Debug|Any CPU
		{EF6D4E01-006F-4744-9D82-3A35EB702126}.Debug|x64.ActiveCfg = Debug|Any CPU
		{EF6D4E01-006F-4744-9D82-3A35EB702126}.Debug|x64.Build.0 = Debug|Any CPU
		{EF6D4E01-006F-4744-9D82-3A35EB702126}.Debug|x86.ActiveCfg = Debug|Any CPU
		{EF6D4E01-006F-4744-9D82-3A35EB702126}.Debug|x86.Build.0 = Debug|Any CPU
		{EF6D4E01-006F-4744-9D82-3A35EB702126}.Release|Any CPU.ActiveCfg = Release|Any CPU
		{EF6D4E01-006F-4744-9D82-3A35EB702126}.Release|Any CPU.Build.0 = Release|Any CPU
		{EF6D4E01-006F-4744-9D82-3A35EB702126}.Release|x64.ActiveCfg = Release|Any CPU
		{EF6D4E01-006F-4744-9D82-3A35EB702126}.Release|x64.Build.0 = Release|Any CPU
		{EF6D4E01-006F-4744-9D82-3A35EB702126}.Release|x86.ActiveCfg = Release|Any CPU
		{EF6D4E01-006F-4744-9D82-3A35EB702126}.Release|x86.Build.0 = Release|Any CPU
		{BF58956F-AEC4-404F-B2CC-DFFA0B6DF2FF}.Debug|Any CPU.ActiveCfg = Debug|Any CPU
		{BF58956F-AEC4-404F-B2CC-DFFA0B6DF2FF}.Debug|Any CPU.Build.0 = Debug|Any CPU
		{BF58956F-AEC4-404F-B2CC-DFFA0B6DF2FF}.Debug|x64.ActiveCfg = Debug|Any CPU
		{BF58956F-AEC4-404F-B2CC-DFFA0B6DF2FF}.Debug|x64.Build.0 = Debug|Any CPU
		{BF58956F-AEC4-404F-B2CC-DFFA0B6DF2FF}.Debug|x86.ActiveCfg = Debug|Any CPU
		{BF58956F-AEC4-404F-B2CC-DFFA0B6DF2FF}.Debug|x86.Build.0 = Debug|Any CPU
		{BF58956F-AEC4-404F-B2CC-DFFA0B6DF2FF}.Release|Any CPU.ActiveCfg = Release|Any CPU
		{BF58956F-AEC4-404F-B2CC-DFFA0B6DF2FF}.Release|Any CPU.Build.0 = Release|Any CPU
		{BF58956F-AEC4-404F-B2CC-DFFA0B6DF2FF}.Release|x64.ActiveCfg = Release|Any CPU
		{BF58956F-AEC4-404F-B2CC-DFFA0B6DF2FF}.Release|x64.Build.0 = Release|Any CPU
		{BF58956F-AEC4-404F-B2CC-DFFA0B6DF2FF}.Release|x86.ActiveCfg = Release|Any CPU
		{BF58956F-AEC4-404F-B2CC-DFFA0B6DF2FF}.Release|x86.Build.0 = Release|Any CPU
		{2DAB54E6-AF32-4AB0-B029-39EA4AE09074}.Debug|Any CPU.ActiveCfg = Debug|Any CPU
		{2DAB54E6-AF32-4AB0-B029-39EA4AE09074}.Debug|Any CPU.Build.0 = Debug|Any CPU
		{2DAB54E6-AF32-4AB0-B029-39EA4AE09074}.Debug|x64.ActiveCfg = Debug|Any CPU
		{2DAB54E6-AF32-4AB0-B029-39EA4AE09074}.Debug|x64.Build.0 = Debug|Any CPU
		{2DAB54E6-AF32-4AB0-B029-39EA4AE09074}.Debug|x86.ActiveCfg = Debug|Any CPU
		{2DAB54E6-AF32-4AB0-B029-39EA4AE09074}.Debug|x86.Build.0 = Debug|Any CPU
		{2DAB54E6-AF32-4AB0-B029-39EA4AE09074}.Release|Any CPU.ActiveCfg = Release|Any CPU
		{2DAB54E6-AF32-4AB0-B029-39EA4AE09074}.Release|Any CPU.Build.0 = Release|Any CPU
		{2DAB54E6-AF32-4AB0-B029-39EA4AE09074}.Release|x64.ActiveCfg = Release|Any CPU
		{2DAB54E6-AF32-4AB0-B029-39EA4AE09074}.Release|x64.Build.0 = Release|Any CPU
		{2DAB54E6-AF32-4AB0-B029-39EA4AE09074}.Release|x86.ActiveCfg = Release|Any CPU
		{2DAB54E6-AF32-4AB0-B029-39EA4AE09074}.Release|x86.Build.0 = Release|Any CPU
		{D1E5B81E-595B-4F7A-BF31-9A42C9E3F382}.Debug|Any CPU.ActiveCfg = Debug|Any CPU
		{D1E5B81E-595B-4F7A-BF31-9A42C9E3F382}.Debug|Any CPU.Build.0 = Debug|Any CPU
		{D1E5B81E-595B-4F7A-BF31-9A42C9E3F382}.Debug|x64.ActiveCfg = Debug|Any CPU
		{D1E5B81E-595B-4F7A-BF31-9A42C9E3F382}.Debug|x64.Build.0 = Debug|Any CPU
		{D1E5B81E-595B-4F7A-BF31-9A42C9E3F382}.Debug|x86.ActiveCfg = Debug|Any CPU
		{D1E5B81E-595B-4F7A-BF31-9A42C9E3F382}.Debug|x86.Build.0 = Debug|Any CPU
		{D1E5B81E-595B-4F7A-BF31-9A42C9E3F382}.Release|Any CPU.ActiveCfg = Release|Any CPU
		{D1E5B81E-595B-4F7A-BF31-9A42C9E3F382}.Release|Any CPU.Build.0 = Release|Any CPU
		{D1E5B81E-595B-4F7A-BF31-9A42C9E3F382}.Release|x64.ActiveCfg = Release|Any CPU
		{D1E5B81E-595B-4F7A-BF31-9A42C9E3F382}.Release|x64.Build.0 = Release|Any CPU
		{D1E5B81E-595B-4F7A-BF31-9A42C9E3F382}.Release|x86.ActiveCfg = Release|Any CPU
		{D1E5B81E-595B-4F7A-BF31-9A42C9E3F382}.Release|x86.Build.0 = Release|Any CPU
		{79DDD2CF-7568-49EC-AF0D-D411AB40108C}.Debug|Any CPU.ActiveCfg = Debug|Any CPU
		{79DDD2CF-7568-49EC-AF0D-D411AB40108C}.Debug|Any CPU.Build.0 = Debug|Any CPU
		{79DDD2CF-7568-49EC-AF0D-D411AB40108C}.Debug|x64.ActiveCfg = Debug|Any CPU
		{79DDD2CF-7568-49EC-AF0D-D411AB40108C}.Debug|x64.Build.0 = Debug|Any CPU
		{79DDD2CF-7568-49EC-AF0D-D411AB40108C}.Debug|x86.ActiveCfg = Debug|Any CPU
		{79DDD2CF-7568-49EC-AF0D-D411AB40108C}.Debug|x86.Build.0 = Debug|Any CPU
		{79DDD2CF-7568-49EC-AF0D-D411AB40108C}.Release|Any CPU.ActiveCfg = Release|Any CPU
		{79DDD2CF-7568-49EC-AF0D-D411AB40108C}.Release|Any CPU.Build.0 = Release|Any CPU
		{79DDD2CF-7568-49EC-AF0D-D411AB40108C}.Release|x64.ActiveCfg = Release|Any CPU
		{79DDD2CF-7568-49EC-AF0D-D411AB40108C}.Release|x64.Build.0 = Release|Any CPU
		{79DDD2CF-7568-49EC-AF0D-D411AB40108C}.Release|x86.ActiveCfg = Release|Any CPU
		{79DDD2CF-7568-49EC-AF0D-D411AB40108C}.Release|x86.Build.0 = Release|Any CPU
		{8486D1B5-F7C7-40BB-996D-DC029141EA1C}.Debug|Any CPU.ActiveCfg = Debug|Any CPU
		{8486D1B5-F7C7-40BB-996D-DC029141EA1C}.Debug|Any CPU.Build.0 = Debug|Any CPU
		{8486D1B5-F7C7-40BB-996D-DC029141EA1C}.Debug|x64.ActiveCfg = Debug|Any CPU
		{8486D1B5-F7C7-40BB-996D-DC029141EA1C}.Debug|x64.Build.0 = Debug|Any CPU
		{8486D1B5-F7C7-40BB-996D-DC029141EA1C}.Debug|x86.ActiveCfg = Debug|Any CPU
		{8486D1B5-F7C7-40BB-996D-DC029141EA1C}.Debug|x86.Build.0 = Debug|Any CPU
		{8486D1B5-F7C7-40BB-996D-DC029141EA1C}.Release|Any CPU.ActiveCfg = Release|Any CPU
		{8486D1B5-F7C7-40BB-996D-DC029141EA1C}.Release|Any CPU.Build.0 = Release|Any CPU
		{8486D1B5-F7C7-40BB-996D-DC029141EA1C}.Release|x64.ActiveCfg = Release|Any CPU
		{8486D1B5-F7C7-40BB-996D-DC029141EA1C}.Release|x64.Build.0 = Release|Any CPU
		{8486D1B5-F7C7-40BB-996D-DC029141EA1C}.Release|x86.ActiveCfg = Release|Any CPU
		{8486D1B5-F7C7-40BB-996D-DC029141EA1C}.Release|x86.Build.0 = Release|Any CPU
		{3FDCE7CA-069C-4A0E-929C-37E727DB3731}.Debug|Any CPU.ActiveCfg = Debug|Any CPU
		{3FDCE7CA-069C-4A0E-929C-37E727DB3731}.Debug|Any CPU.Build.0 = Debug|Any CPU
		{3FDCE7CA-069C-4A0E-929C-37E727DB3731}.Debug|x64.ActiveCfg = Debug|Any CPU
		{3FDCE7CA-069C-4A0E-929C-37E727DB3731}.Debug|x64.Build.0 = Debug|Any CPU
		{3FDCE7CA-069C-4A0E-929C-37E727DB3731}.Debug|x86.ActiveCfg = Debug|Any CPU
		{3FDCE7CA-069C-4A0E-929C-37E727DB3731}.Debug|x86.Build.0 = Debug|Any CPU
		{3FDCE7CA-069C-4A0E-929C-37E727DB3731}.Release|Any CPU.ActiveCfg = Release|Any CPU
		{3FDCE7CA-069C-4A0E-929C-37E727DB3731}.Release|Any CPU.Build.0 = Release|Any CPU
		{3FDCE7CA-069C-4A0E-929C-37E727DB3731}.Release|x64.ActiveCfg = Release|Any CPU
		{3FDCE7CA-069C-4A0E-929C-37E727DB3731}.Release|x64.Build.0 = Release|Any CPU
		{3FDCE7CA-069C-4A0E-929C-37E727DB3731}.Release|x86.ActiveCfg = Release|Any CPU
		{3FDCE7CA-069C-4A0E-929C-37E727DB3731}.Release|x86.Build.0 = Release|Any CPU
		{5AFF56B4-7BA5-48CC-9488-181194A2306B}.Debug|Any CPU.ActiveCfg = Debug|Any CPU
		{5AFF56B4-7BA5-48CC-9488-181194A2306B}.Debug|Any CPU.Build.0 = Debug|Any CPU
		{5AFF56B4-7BA5-48CC-9488-181194A2306B}.Debug|x64.ActiveCfg = Debug|Any CPU
		{5AFF56B4-7BA5-48CC-9488-181194A2306B}.Debug|x64.Build.0 = Debug|Any CPU
		{5AFF56B4-7BA5-48CC-9488-181194A2306B}.Debug|x86.ActiveCfg = Debug|Any CPU
		{5AFF56B4-7BA5-48CC-9488-181194A2306B}.Debug|x86.Build.0 = Debug|Any CPU
		{5AFF56B4-7BA5-48CC-9488-181194A2306B}.Release|Any CPU.ActiveCfg = Release|Any CPU
		{5AFF56B4-7BA5-48CC-9488-181194A2306B}.Release|Any CPU.Build.0 = Release|Any CPU
		{5AFF56B4-7BA5-48CC-9488-181194A2306B}.Release|x64.ActiveCfg = Release|Any CPU
		{5AFF56B4-7BA5-48CC-9488-181194A2306B}.Release|x64.Build.0 = Release|Any CPU
		{5AFF56B4-7BA5-48CC-9488-181194A2306B}.Release|x86.ActiveCfg = Release|Any CPU
		{5AFF56B4-7BA5-48CC-9488-181194A2306B}.Release|x86.Build.0 = Release|Any CPU
		{281ECCFE-95EB-4E75-ADF1-E2D69E48BC26}.Debug|Any CPU.ActiveCfg = Debug|Any CPU
		{281ECCFE-95EB-4E75-ADF1-E2D69E48BC26}.Debug|Any CPU.Build.0 = Debug|Any CPU
		{281ECCFE-95EB-4E75-ADF1-E2D69E48BC26}.Debug|x64.ActiveCfg = Debug|Any CPU
		{281ECCFE-95EB-4E75-ADF1-E2D69E48BC26}.Debug|x64.Build.0 = Debug|Any CPU
		{281ECCFE-95EB-4E75-ADF1-E2D69E48BC26}.Debug|x86.ActiveCfg = Debug|Any CPU
		{281ECCFE-95EB-4E75-ADF1-E2D69E48BC26}.Debug|x86.Build.0 = Debug|Any CPU
		{281ECCFE-95EB-4E75-ADF1-E2D69E48BC26}.Release|Any CPU.ActiveCfg = Release|Any CPU
		{281ECCFE-95EB-4E75-ADF1-E2D69E48BC26}.Release|Any CPU.Build.0 = Release|Any CPU
		{281ECCFE-95EB-4E75-ADF1-E2D69E48BC26}.Release|x64.ActiveCfg = Release|Any CPU
		{281ECCFE-95EB-4E75-ADF1-E2D69E48BC26}.Release|x64.Build.0 = Release|Any CPU
		{281ECCFE-95EB-4E75-ADF1-E2D69E48BC26}.Release|x86.ActiveCfg = Release|Any CPU
		{281ECCFE-95EB-4E75-ADF1-E2D69E48BC26}.Release|x86.Build.0 = Release|Any CPU
		{9826BB84-112E-48A3-8C50-97F07704EE05}.Debug|Any CPU.ActiveCfg = Debug|Any CPU
		{9826BB84-112E-48A3-8C50-97F07704EE05}.Debug|Any CPU.Build.0 = Debug|Any CPU
		{9826BB84-112E-48A3-8C50-97F07704EE05}.Debug|x64.ActiveCfg = Debug|Any CPU
		{9826BB84-112E-48A3-8C50-97F07704EE05}.Debug|x64.Build.0 = Debug|Any CPU
		{9826BB84-112E-48A3-8C50-97F07704EE05}.Debug|x86.ActiveCfg = Debug|Any CPU
		{9826BB84-112E-48A3-8C50-97F07704EE05}.Debug|x86.Build.0 = Debug|Any CPU
		{9826BB84-112E-48A3-8C50-97F07704EE05}.Release|Any CPU.ActiveCfg = Release|Any CPU
		{9826BB84-112E-48A3-8C50-97F07704EE05}.Release|Any CPU.Build.0 = Release|Any CPU
		{9826BB84-112E-48A3-8C50-97F07704EE05}.Release|x64.ActiveCfg = Release|Any CPU
		{9826BB84-112E-48A3-8C50-97F07704EE05}.Release|x64.Build.0 = Release|Any CPU
		{9826BB84-112E-48A3-8C50-97F07704EE05}.Release|x86.ActiveCfg = Release|Any CPU
		{9826BB84-112E-48A3-8C50-97F07704EE05}.Release|x86.Build.0 = Release|Any CPU
		{D04A71B9-9299-470E-A42F-67263EC7A72B}.Debug|Any CPU.ActiveCfg = Debug|Any CPU
		{D04A71B9-9299-470E-A42F-67263EC7A72B}.Debug|Any CPU.Build.0 = Debug|Any CPU
		{D04A71B9-9299-470E-A42F-67263EC7A72B}.Debug|x64.ActiveCfg = Debug|Any CPU
		{D04A71B9-9299-470E-A42F-67263EC7A72B}.Debug|x64.Build.0 = Debug|Any CPU
		{D04A71B9-9299-470E-A42F-67263EC7A72B}.Debug|x86.ActiveCfg = Debug|Any CPU
		{D04A71B9-9299-470E-A42F-67263EC7A72B}.Debug|x86.Build.0 = Debug|Any CPU
		{D04A71B9-9299-470E-A42F-67263EC7A72B}.Release|Any CPU.ActiveCfg = Release|Any CPU
		{D04A71B9-9299-470E-A42F-67263EC7A72B}.Release|Any CPU.Build.0 = Release|Any CPU
		{D04A71B9-9299-470E-A42F-67263EC7A72B}.Release|x64.ActiveCfg = Release|Any CPU
		{D04A71B9-9299-470E-A42F-67263EC7A72B}.Release|x64.Build.0 = Release|Any CPU
		{D04A71B9-9299-470E-A42F-67263EC7A72B}.Release|x86.ActiveCfg = Release|Any CPU
		{D04A71B9-9299-470E-A42F-67263EC7A72B}.Release|x86.Build.0 = Release|Any CPU
		{6D707CEE-8B2E-4943-BE60-5B99520517BD}.Debug|Any CPU.ActiveCfg = Debug|Any CPU
		{6D707CEE-8B2E-4943-BE60-5B99520517BD}.Debug|Any CPU.Build.0 = Debug|Any CPU
		{6D707CEE-8B2E-4943-BE60-5B99520517BD}.Debug|x64.ActiveCfg = Debug|Any CPU
		{6D707CEE-8B2E-4943-BE60-5B99520517BD}.Debug|x64.Build.0 = Debug|Any CPU
		{6D707CEE-8B2E-4943-BE60-5B99520517BD}.Debug|x86.ActiveCfg = Debug|Any CPU
		{6D707CEE-8B2E-4943-BE60-5B99520517BD}.Debug|x86.Build.0 = Debug|Any CPU
		{6D707CEE-8B2E-4943-BE60-5B99520517BD}.Release|Any CPU.ActiveCfg = Release|Any CPU
		{6D707CEE-8B2E-4943-BE60-5B99520517BD}.Release|Any CPU.Build.0 = Release|Any CPU
		{6D707CEE-8B2E-4943-BE60-5B99520517BD}.Release|x64.ActiveCfg = Release|Any CPU
		{6D707CEE-8B2E-4943-BE60-5B99520517BD}.Release|x64.Build.0 = Release|Any CPU
		{6D707CEE-8B2E-4943-BE60-5B99520517BD}.Release|x86.ActiveCfg = Release|Any CPU
		{6D707CEE-8B2E-4943-BE60-5B99520517BD}.Release|x86.Build.0 = Release|Any CPU
		{370CDABA-F49A-4FA2-ABF2-19AB62F1CF0A}.Debug|Any CPU.ActiveCfg = Debug|Any CPU
		{370CDABA-F49A-4FA2-ABF2-19AB62F1CF0A}.Debug|Any CPU.Build.0 = Debug|Any CPU
		{370CDABA-F49A-4FA2-ABF2-19AB62F1CF0A}.Debug|x64.ActiveCfg = Debug|Any CPU
		{370CDABA-F49A-4FA2-ABF2-19AB62F1CF0A}.Debug|x64.Build.0 = Debug|Any CPU
		{370CDABA-F49A-4FA2-ABF2-19AB62F1CF0A}.Debug|x86.ActiveCfg = Debug|Any CPU
		{370CDABA-F49A-4FA2-ABF2-19AB62F1CF0A}.Debug|x86.Build.0 = Debug|Any CPU
		{370CDABA-F49A-4FA2-ABF2-19AB62F1CF0A}.Release|Any CPU.ActiveCfg = Release|Any CPU
		{370CDABA-F49A-4FA2-ABF2-19AB62F1CF0A}.Release|Any CPU.Build.0 = Release|Any CPU
		{370CDABA-F49A-4FA2-ABF2-19AB62F1CF0A}.Release|x64.ActiveCfg = Release|Any CPU
		{370CDABA-F49A-4FA2-ABF2-19AB62F1CF0A}.Release|x64.Build.0 = Release|Any CPU
		{370CDABA-F49A-4FA2-ABF2-19AB62F1CF0A}.Release|x86.ActiveCfg = Release|Any CPU
		{370CDABA-F49A-4FA2-ABF2-19AB62F1CF0A}.Release|x86.Build.0 = Release|Any CPU
		{961FA487-8CC2-4B21-86BC-34106F023C6B}.Debug|Any CPU.ActiveCfg = Debug|Any CPU
		{961FA487-8CC2-4B21-86BC-34106F023C6B}.Debug|Any CPU.Build.0 = Debug|Any CPU
		{961FA487-8CC2-4B21-86BC-34106F023C6B}.Debug|x64.ActiveCfg = Debug|Any CPU
		{961FA487-8CC2-4B21-86BC-34106F023C6B}.Debug|x64.Build.0 = Debug|Any CPU
		{961FA487-8CC2-4B21-86BC-34106F023C6B}.Debug|x86.ActiveCfg = Debug|Any CPU
		{961FA487-8CC2-4B21-86BC-34106F023C6B}.Debug|x86.Build.0 = Debug|Any CPU
		{961FA487-8CC2-4B21-86BC-34106F023C6B}.Release|Any CPU.ActiveCfg = Release|Any CPU
		{961FA487-8CC2-4B21-86BC-34106F023C6B}.Release|Any CPU.Build.0 = Release|Any CPU
		{961FA487-8CC2-4B21-86BC-34106F023C6B}.Release|x64.ActiveCfg = Release|Any CPU
		{961FA487-8CC2-4B21-86BC-34106F023C6B}.Release|x64.Build.0 = Release|Any CPU
		{961FA487-8CC2-4B21-86BC-34106F023C6B}.Release|x86.ActiveCfg = Release|Any CPU
		{961FA487-8CC2-4B21-86BC-34106F023C6B}.Release|x86.Build.0 = Release|Any CPU
		{9FA359C1-8222-4552-A94D-4B4DFE3228CF}.Debug|Any CPU.ActiveCfg = Debug|Any CPU
		{9FA359C1-8222-4552-A94D-4B4DFE3228CF}.Debug|Any CPU.Build.0 = Debug|Any CPU
		{9FA359C1-8222-4552-A94D-4B4DFE3228CF}.Debug|x64.ActiveCfg = Debug|Any CPU
		{9FA359C1-8222-4552-A94D-4B4DFE3228CF}.Debug|x64.Build.0 = Debug|Any CPU
		{9FA359C1-8222-4552-A94D-4B4DFE3228CF}.Debug|x86.ActiveCfg = Debug|Any CPU
		{9FA359C1-8222-4552-A94D-4B4DFE3228CF}.Debug|x86.Build.0 = Debug|Any CPU
		{9FA359C1-8222-4552-A94D-4B4DFE3228CF}.Release|Any CPU.ActiveCfg = Release|Any CPU
		{9FA359C1-8222-4552-A94D-4B4DFE3228CF}.Release|Any CPU.Build.0 = Release|Any CPU
		{9FA359C1-8222-4552-A94D-4B4DFE3228CF}.Release|x64.ActiveCfg = Release|Any CPU
		{9FA359C1-8222-4552-A94D-4B4DFE3228CF}.Release|x64.Build.0 = Release|Any CPU
		{9FA359C1-8222-4552-A94D-4B4DFE3228CF}.Release|x86.ActiveCfg = Release|Any CPU
		{9FA359C1-8222-4552-A94D-4B4DFE3228CF}.Release|x86.Build.0 = Release|Any CPU
		{A6ABF1A6-1BE6-474B-A27B-71A400000FE2}.Debug|Any CPU.ActiveCfg = Debug|Any CPU
		{A6ABF1A6-1BE6-474B-A27B-71A400000FE2}.Debug|Any CPU.Build.0 = Debug|Any CPU
		{A6ABF1A6-1BE6-474B-A27B-71A400000FE2}.Debug|x64.ActiveCfg = Debug|Any CPU
		{A6ABF1A6-1BE6-474B-A27B-71A400000FE2}.Debug|x64.Build.0 = Debug|Any CPU
		{A6ABF1A6-1BE6-474B-A27B-71A400000FE2}.Debug|x86.ActiveCfg = Debug|Any CPU
		{A6ABF1A6-1BE6-474B-A27B-71A400000FE2}.Debug|x86.Build.0 = Debug|Any CPU
		{A6ABF1A6-1BE6-474B-A27B-71A400000FE2}.Release|Any CPU.ActiveCfg = Release|Any CPU
		{A6ABF1A6-1BE6-474B-A27B-71A400000FE2}.Release|Any CPU.Build.0 = Release|Any CPU
		{A6ABF1A6-1BE6-474B-A27B-71A400000FE2}.Release|x64.ActiveCfg = Release|Any CPU
		{A6ABF1A6-1BE6-474B-A27B-71A400000FE2}.Release|x64.Build.0 = Release|Any CPU
		{A6ABF1A6-1BE6-474B-A27B-71A400000FE2}.Release|x86.ActiveCfg = Release|Any CPU
		{A6ABF1A6-1BE6-474B-A27B-71A400000FE2}.Release|x86.Build.0 = Release|Any CPU
		{9536D15C-250E-42D4-A3E4-ADF189A8A0B3}.Debug|Any CPU.ActiveCfg = Debug|Any CPU
		{9536D15C-250E-42D4-A3E4-ADF189A8A0B3}.Debug|Any CPU.Build.0 = Debug|Any CPU
		{9536D15C-250E-42D4-A3E4-ADF189A8A0B3}.Debug|x64.ActiveCfg = Debug|Any CPU
		{9536D15C-250E-42D4-A3E4-ADF189A8A0B3}.Debug|x64.Build.0 = Debug|Any CPU
		{9536D15C-250E-42D4-A3E4-ADF189A8A0B3}.Debug|x86.ActiveCfg = Debug|Any CPU
		{9536D15C-250E-42D4-A3E4-ADF189A8A0B3}.Debug|x86.Build.0 = Debug|Any CPU
		{9536D15C-250E-42D4-A3E4-ADF189A8A0B3}.Release|Any CPU.ActiveCfg = Release|Any CPU
		{9536D15C-250E-42D4-A3E4-ADF189A8A0B3}.Release|Any CPU.Build.0 = Release|Any CPU
		{9536D15C-250E-42D4-A3E4-ADF189A8A0B3}.Release|x64.ActiveCfg = Release|Any CPU
		{9536D15C-250E-42D4-A3E4-ADF189A8A0B3}.Release|x64.Build.0 = Release|Any CPU
		{9536D15C-250E-42D4-A3E4-ADF189A8A0B3}.Release|x86.ActiveCfg = Release|Any CPU
		{9536D15C-250E-42D4-A3E4-ADF189A8A0B3}.Release|x86.Build.0 = Release|Any CPU
		{D42E6D95-9993-457F-B3CB-6CBD4A797815}.Debug|Any CPU.ActiveCfg = Debug|Any CPU
		{D42E6D95-9993-457F-B3CB-6CBD4A797815}.Debug|Any CPU.Build.0 = Debug|Any CPU
		{D42E6D95-9993-457F-B3CB-6CBD4A797815}.Debug|x64.ActiveCfg = Debug|Any CPU
		{D42E6D95-9993-457F-B3CB-6CBD4A797815}.Debug|x64.Build.0 = Debug|Any CPU
		{D42E6D95-9993-457F-B3CB-6CBD4A797815}.Debug|x86.ActiveCfg = Debug|Any CPU
		{D42E6D95-9993-457F-B3CB-6CBD4A797815}.Debug|x86.Build.0 = Debug|Any CPU
		{D42E6D95-9993-457F-B3CB-6CBD4A797815}.Release|Any CPU.ActiveCfg = Release|Any CPU
		{D42E6D95-9993-457F-B3CB-6CBD4A797815}.Release|Any CPU.Build.0 = Release|Any CPU
		{D42E6D95-9993-457F-B3CB-6CBD4A797815}.Release|x64.ActiveCfg = Release|Any CPU
		{D42E6D95-9993-457F-B3CB-6CBD4A797815}.Release|x64.Build.0 = Release|Any CPU
		{D42E6D95-9993-457F-B3CB-6CBD4A797815}.Release|x86.ActiveCfg = Release|Any CPU
		{D42E6D95-9993-457F-B3CB-6CBD4A797815}.Release|x86.Build.0 = Release|Any CPU
		{67A2AD9B-0641-49C9-8C98-1F395829A423}.Debug|Any CPU.ActiveCfg = Debug|Any CPU
		{67A2AD9B-0641-49C9-8C98-1F395829A423}.Debug|Any CPU.Build.0 = Debug|Any CPU
		{67A2AD9B-0641-49C9-8C98-1F395829A423}.Debug|x64.ActiveCfg = Debug|Any CPU
		{67A2AD9B-0641-49C9-8C98-1F395829A423}.Debug|x64.Build.0 = Debug|Any CPU
		{67A2AD9B-0641-49C9-8C98-1F395829A423}.Debug|x86.ActiveCfg = Debug|Any CPU
		{67A2AD9B-0641-49C9-8C98-1F395829A423}.Debug|x86.Build.0 = Debug|Any CPU
		{67A2AD9B-0641-49C9-8C98-1F395829A423}.Release|Any CPU.ActiveCfg = Release|Any CPU
		{67A2AD9B-0641-49C9-8C98-1F395829A423}.Release|Any CPU.Build.0 = Release|Any CPU
		{67A2AD9B-0641-49C9-8C98-1F395829A423}.Release|x64.ActiveCfg = Release|Any CPU
		{67A2AD9B-0641-49C9-8C98-1F395829A423}.Release|x64.Build.0 = Release|Any CPU
		{67A2AD9B-0641-49C9-8C98-1F395829A423}.Release|x86.ActiveCfg = Release|Any CPU
		{67A2AD9B-0641-49C9-8C98-1F395829A423}.Release|x86.Build.0 = Release|Any CPU
		{184F17EC-2AE4-4877-B0D5-3C38401B635E}.Debug|Any CPU.ActiveCfg = Debug|Any CPU
		{184F17EC-2AE4-4877-B0D5-3C38401B635E}.Debug|Any CPU.Build.0 = Debug|Any CPU
		{184F17EC-2AE4-4877-B0D5-3C38401B635E}.Debug|x64.ActiveCfg = Debug|Any CPU
		{184F17EC-2AE4-4877-B0D5-3C38401B635E}.Debug|x64.Build.0 = Debug|Any CPU
		{184F17EC-2AE4-4877-B0D5-3C38401B635E}.Debug|x86.ActiveCfg = Debug|Any CPU
		{184F17EC-2AE4-4877-B0D5-3C38401B635E}.Debug|x86.Build.0 = Debug|Any CPU
		{184F17EC-2AE4-4877-B0D5-3C38401B635E}.Release|Any CPU.ActiveCfg = Release|Any CPU
		{184F17EC-2AE4-4877-B0D5-3C38401B635E}.Release|Any CPU.Build.0 = Release|Any CPU
		{184F17EC-2AE4-4877-B0D5-3C38401B635E}.Release|x64.ActiveCfg = Release|Any CPU
		{184F17EC-2AE4-4877-B0D5-3C38401B635E}.Release|x64.Build.0 = Release|Any CPU
		{184F17EC-2AE4-4877-B0D5-3C38401B635E}.Release|x86.ActiveCfg = Release|Any CPU
		{184F17EC-2AE4-4877-B0D5-3C38401B635E}.Release|x86.Build.0 = Release|Any CPU
		{9C8BE36E-52C3-4129-80FF-BF2216F582BA}.Debug|Any CPU.ActiveCfg = Debug|Any CPU
		{9C8BE36E-52C3-4129-80FF-BF2216F582BA}.Debug|Any CPU.Build.0 = Debug|Any CPU
		{9C8BE36E-52C3-4129-80FF-BF2216F582BA}.Debug|x64.ActiveCfg = Debug|Any CPU
		{9C8BE36E-52C3-4129-80FF-BF2216F582BA}.Debug|x64.Build.0 = Debug|Any CPU
		{9C8BE36E-52C3-4129-80FF-BF2216F582BA}.Debug|x86.ActiveCfg = Debug|Any CPU
		{9C8BE36E-52C3-4129-80FF-BF2216F582BA}.Debug|x86.Build.0 = Debug|Any CPU
		{9C8BE36E-52C3-4129-80FF-BF2216F582BA}.Release|Any CPU.ActiveCfg = Release|Any CPU
		{9C8BE36E-52C3-4129-80FF-BF2216F582BA}.Release|Any CPU.Build.0 = Release|Any CPU
		{9C8BE36E-52C3-4129-80FF-BF2216F582BA}.Release|x64.ActiveCfg = Release|Any CPU
		{9C8BE36E-52C3-4129-80FF-BF2216F582BA}.Release|x64.Build.0 = Release|Any CPU
		{9C8BE36E-52C3-4129-80FF-BF2216F582BA}.Release|x86.ActiveCfg = Release|Any CPU
		{9C8BE36E-52C3-4129-80FF-BF2216F582BA}.Release|x86.Build.0 = Release|Any CPU
		{AC5C8E0F-0F82-4B86-9584-EBF377EB57B1}.Debug|Any CPU.ActiveCfg = Debug|Any CPU
		{AC5C8E0F-0F82-4B86-9584-EBF377EB57B1}.Debug|Any CPU.Build.0 = Debug|Any CPU
		{AC5C8E0F-0F82-4B86-9584-EBF377EB57B1}.Debug|x64.ActiveCfg = Debug|Any CPU
		{AC5C8E0F-0F82-4B86-9584-EBF377EB57B1}.Debug|x64.Build.0 = Debug|Any CPU
		{AC5C8E0F-0F82-4B86-9584-EBF377EB57B1}.Debug|x86.ActiveCfg = Debug|Any CPU
		{AC5C8E0F-0F82-4B86-9584-EBF377EB57B1}.Debug|x86.Build.0 = Debug|Any CPU
		{AC5C8E0F-0F82-4B86-9584-EBF377EB57B1}.Release|Any CPU.ActiveCfg = Release|Any CPU
		{AC5C8E0F-0F82-4B86-9584-EBF377EB57B1}.Release|Any CPU.Build.0 = Release|Any CPU
		{AC5C8E0F-0F82-4B86-9584-EBF377EB57B1}.Release|x64.ActiveCfg = Release|Any CPU
		{AC5C8E0F-0F82-4B86-9584-EBF377EB57B1}.Release|x64.Build.0 = Release|Any CPU
		{AC5C8E0F-0F82-4B86-9584-EBF377EB57B1}.Release|x86.ActiveCfg = Release|Any CPU
		{AC5C8E0F-0F82-4B86-9584-EBF377EB57B1}.Release|x86.Build.0 = Release|Any CPU
		{3FADA9BD-491F-4597-95C2-74D6A7565CFA}.Debug|Any CPU.ActiveCfg = Debug|Any CPU
		{3FADA9BD-491F-4597-95C2-74D6A7565CFA}.Debug|Any CPU.Build.0 = Debug|Any CPU
		{3FADA9BD-491F-4597-95C2-74D6A7565CFA}.Debug|x64.ActiveCfg = Debug|Any CPU
		{3FADA9BD-491F-4597-95C2-74D6A7565CFA}.Debug|x64.Build.0 = Debug|Any CPU
		{3FADA9BD-491F-4597-95C2-74D6A7565CFA}.Debug|x86.ActiveCfg = Debug|Any CPU
		{3FADA9BD-491F-4597-95C2-74D6A7565CFA}.Debug|x86.Build.0 = Debug|Any CPU
		{3FADA9BD-491F-4597-95C2-74D6A7565CFA}.Release|Any CPU.ActiveCfg = Release|Any CPU
		{3FADA9BD-491F-4597-95C2-74D6A7565CFA}.Release|Any CPU.Build.0 = Release|Any CPU
		{3FADA9BD-491F-4597-95C2-74D6A7565CFA}.Release|x64.ActiveCfg = Release|Any CPU
		{3FADA9BD-491F-4597-95C2-74D6A7565CFA}.Release|x64.Build.0 = Release|Any CPU
		{3FADA9BD-491F-4597-95C2-74D6A7565CFA}.Release|x86.ActiveCfg = Release|Any CPU
		{3FADA9BD-491F-4597-95C2-74D6A7565CFA}.Release|x86.Build.0 = Release|Any CPU
		{93A57063-9631-4DA0-901B-98F314D1C84A}.Debug|Any CPU.ActiveCfg = Debug|Any CPU
		{93A57063-9631-4DA0-901B-98F314D1C84A}.Debug|Any CPU.Build.0 = Debug|Any CPU
		{93A57063-9631-4DA0-901B-98F314D1C84A}.Debug|x64.ActiveCfg = Debug|Any CPU
		{93A57063-9631-4DA0-901B-98F314D1C84A}.Debug|x64.Build.0 = Debug|Any CPU
		{93A57063-9631-4DA0-901B-98F314D1C84A}.Debug|x86.ActiveCfg = Debug|Any CPU
		{93A57063-9631-4DA0-901B-98F314D1C84A}.Debug|x86.Build.0 = Debug|Any CPU
		{93A57063-9631-4DA0-901B-98F314D1C84A}.Release|Any CPU.ActiveCfg = Release|Any CPU
		{93A57063-9631-4DA0-901B-98F314D1C84A}.Release|Any CPU.Build.0 = Release|Any CPU
		{93A57063-9631-4DA0-901B-98F314D1C84A}.Release|x64.ActiveCfg = Release|Any CPU
		{93A57063-9631-4DA0-901B-98F314D1C84A}.Release|x64.Build.0 = Release|Any CPU
		{93A57063-9631-4DA0-901B-98F314D1C84A}.Release|x86.ActiveCfg = Release|Any CPU
		{93A57063-9631-4DA0-901B-98F314D1C84A}.Release|x86.Build.0 = Release|Any CPU
		{78349C23-B7CA-435F-B2A9-0FE32EBD8B35}.Debug|Any CPU.ActiveCfg = Debug|Any CPU
		{78349C23-B7CA-435F-B2A9-0FE32EBD8B35}.Debug|Any CPU.Build.0 = Debug|Any CPU
		{78349C23-B7CA-435F-B2A9-0FE32EBD8B35}.Debug|x64.ActiveCfg = Debug|Any CPU
		{78349C23-B7CA-435F-B2A9-0FE32EBD8B35}.Debug|x64.Build.0 = Debug|Any CPU
		{78349C23-B7CA-435F-B2A9-0FE32EBD8B35}.Debug|x86.ActiveCfg = Debug|Any CPU
		{78349C23-B7CA-435F-B2A9-0FE32EBD8B35}.Debug|x86.Build.0 = Debug|Any CPU
		{78349C23-B7CA-435F-B2A9-0FE32EBD8B35}.Release|Any CPU.ActiveCfg = Release|Any CPU
		{78349C23-B7CA-435F-B2A9-0FE32EBD8B35}.Release|Any CPU.Build.0 = Release|Any CPU
		{78349C23-B7CA-435F-B2A9-0FE32EBD8B35}.Release|x64.ActiveCfg = Release|Any CPU
		{78349C23-B7CA-435F-B2A9-0FE32EBD8B35}.Release|x64.Build.0 = Release|Any CPU
		{78349C23-B7CA-435F-B2A9-0FE32EBD8B35}.Release|x86.ActiveCfg = Release|Any CPU
		{78349C23-B7CA-435F-B2A9-0FE32EBD8B35}.Release|x86.Build.0 = Release|Any CPU
	EndGlobalSection
	GlobalSection(SolutionProperties) = preSolution
		HideSolutionNode = FALSE
	EndGlobalSection
	GlobalSection(NestedProjects) = preSolution
		{1B03D24F-FB08-42E1-BB25-2D1BB907991B} = {A83D6B58-6D38-46AF-8C20-5CFC170A1063}
		{A8A6FCF0-CA4F-4637-8E66-D86603B92204} = {A83D6B58-6D38-46AF-8C20-5CFC170A1063}
		{BF8153AA-C390-4D00-98F2-083DEFEC7094} = {A83D6B58-6D38-46AF-8C20-5CFC170A1063}
		{BE635672-D3FD-42C5-96E3-EDE50E05CE29} = {A83D6B58-6D38-46AF-8C20-5CFC170A1063}
		{CE0ECABB-03AD-42CE-A5BD-D0CC4DCE35AB} = {A83D6B58-6D38-46AF-8C20-5CFC170A1063}
		{E1FD7B15-FA09-4F7F-A30E-9FBD9F765D02} = {A83D6B58-6D38-46AF-8C20-5CFC170A1063}
		{6EAF15B6-98BE-428B-A018-A5266521551E} = {A83D6B58-6D38-46AF-8C20-5CFC170A1063}
		{618B95DB-3A70-4DC8-BD87-00F636F72453} = {A83D6B58-6D38-46AF-8C20-5CFC170A1063}
		{BC9E7408-508D-482D-8602-96E76ACBB5EA} = {A83D6B58-6D38-46AF-8C20-5CFC170A1063}
		{04935FA6-E48B-496F-8D6A-41A59232303D} = {A83D6B58-6D38-46AF-8C20-5CFC170A1063}
		{0CCE83BA-8B8B-4B98-8846-B62A61FDF170} = {A83D6B58-6D38-46AF-8C20-5CFC170A1063}
		{ED37372C-DFBF-4720-BD4B-CE1415961038} = {A83D6B58-6D38-46AF-8C20-5CFC170A1063}
		{4330D46F-6703-4BA2-844D-177F722C0820} = {A83D6B58-6D38-46AF-8C20-5CFC170A1063}
		{6785A554-BBBB-480C-8E4D-9FE90DD91A46} = {A83D6B58-6D38-46AF-8C20-5CFC170A1063}
		{A4128935-B707-4D56-B924-27910EC92664} = {A83D6B58-6D38-46AF-8C20-5CFC170A1063}
		{495060B4-BD80-4B18-AC44-4680F0D6D5DB} = {A83D6B58-6D38-46AF-8C20-5CFC170A1063}
		{211F05D3-F8EE-497F-9DE9-AFFA0A72140D} = {A83D6B58-6D38-46AF-8C20-5CFC170A1063}
		{84823BA5-B860-4CAF-885E-981D7F121830} = {A83D6B58-6D38-46AF-8C20-5CFC170A1063}
		{5CA29B44-C4A5-4310-9429-553F0BC9FC1D} = {A83D6B58-6D38-46AF-8C20-5CFC170A1063}
		{153E5218-E9C0-4ED8-9073-0802204C8B90} = {A83D6B58-6D38-46AF-8C20-5CFC170A1063}
		{EFE77658-EDD7-4597-8016-CBE4A18951B0} = {A83D6B58-6D38-46AF-8C20-5CFC170A1063}
		{2D081A36-48F9-4A09-8247-420682545492} = {A83D6B58-6D38-46AF-8C20-5CFC170A1063}
		{0911F996-DF86-4FB1-A1CE-0539599EC0E0} = {A83D6B58-6D38-46AF-8C20-5CFC170A1063}
		{DF1D84AF-27B8-4F87-A673-CCFADC3AAF02} = {A83D6B58-6D38-46AF-8C20-5CFC170A1063}
		{D6DFAC7C-82F4-4318-A9F0-6450D2945D96} = {A83D6B58-6D38-46AF-8C20-5CFC170A1063}
		{9E194D13-F5A0-4430-8F87-D74326457385} = {A83D6B58-6D38-46AF-8C20-5CFC170A1063}
		{214F0E80-D2E3-4E19-A3FC-2BE15B3906B0} = {A83D6B58-6D38-46AF-8C20-5CFC170A1063}
		{1E75CB7D-2A4A-4B03-80A9-7B7D59B18BB4} = {A83D6B58-6D38-46AF-8C20-5CFC170A1063}
		{396D9209-0D9A-4E61-9471-04C71F6CA6B9} = {A83D6B58-6D38-46AF-8C20-5CFC170A1063}
		{D4078011-2611-46A7-8A30-55E4AB8FA786} = {A83D6B58-6D38-46AF-8C20-5CFC170A1063}
		{DCE8EC51-1E58-49A0-82CF-5BE269FA0A9D} = {A83D6B58-6D38-46AF-8C20-5CFC170A1063}
		{C9CAA69C-575A-442E-9D8A-69C53B39D72C} = {A83D6B58-6D38-46AF-8C20-5CFC170A1063}
		{3D1C46E1-7A9E-4A4B-8D95-68613603DEDF} = {A83D6B58-6D38-46AF-8C20-5CFC170A1063}
		{A83D6B58-6D38-46AF-8C20-5CFC170A1063} = {E2B99FF9-FABB-32FA-A2E8-3A1C68902CE9}
		{CDE5F48B-1B52-4BB2-BFB8-4FA23B6730C8} = {646728A4-90B9-449F-B8F5-362D68AE8228}
		{B7B8EAD5-6041-4C29-BCEE-0E816EDAC932} = {E2B99FF9-FABB-32FA-A2E8-3A1C68902CE9}
		{2E3A7EAB-7D23-4B91-BDAD-E23A0FBB836C} = {E2B99FF9-FABB-32FA-A2E8-3A1C68902CE9}
		{709C432E-273D-4E7D-9131-A77B58855F8E} = {E2B99FF9-FABB-32FA-A2E8-3A1C68902CE9}
		{F01F1CB4-D7A1-4AC7-962E-A40F3588AEDF} = {E2B99FF9-FABB-32FA-A2E8-3A1C68902CE9}
		{DD15CB81-AD29-4738-B4F0-D238E29476DF} = {E2B99FF9-FABB-32FA-A2E8-3A1C68902CE9}
		{1DC89C54-D960-44E5-A1BE-F37719FD3DB4} = {E2B99FF9-FABB-32FA-A2E8-3A1C68902CE9}
		{601446FE-02BC-4B0E-B991-D5937DF60DC9} = {E2B99FF9-FABB-32FA-A2E8-3A1C68902CE9}
		{EF6D4E01-006F-4744-9D82-3A35EB702126} = {E2B99FF9-FABB-32FA-A2E8-3A1C68902CE9}
		{BF58956F-AEC4-404F-B2CC-DFFA0B6DF2FF} = {E2B99FF9-FABB-32FA-A2E8-3A1C68902CE9}
		{2DAB54E6-AF32-4AB0-B029-39EA4AE09074} = {E2B99FF9-FABB-32FA-A2E8-3A1C68902CE9}
		{D1E5B81E-595B-4F7A-BF31-9A42C9E3F382} = {E2B99FF9-FABB-32FA-A2E8-3A1C68902CE9}
		{79DDD2CF-7568-49EC-AF0D-D411AB40108C} = {E2B99FF9-FABB-32FA-A2E8-3A1C68902CE9}
		{8486D1B5-F7C7-40BB-996D-DC029141EA1C} = {E2B99FF9-FABB-32FA-A2E8-3A1C68902CE9}
		{3FDCE7CA-069C-4A0E-929C-37E727DB3731} = {E2B99FF9-FABB-32FA-A2E8-3A1C68902CE9}
		{5AFF56B4-7BA5-48CC-9488-181194A2306B} = {E2B99FF9-FABB-32FA-A2E8-3A1C68902CE9}
		{281ECCFE-95EB-4E75-ADF1-E2D69E48BC26} = {E2B99FF9-FABB-32FA-A2E8-3A1C68902CE9}
		{9826BB84-112E-48A3-8C50-97F07704EE05} = {E2B99FF9-FABB-32FA-A2E8-3A1C68902CE9}
		{D04A71B9-9299-470E-A42F-67263EC7A72B} = {E2B99FF9-FABB-32FA-A2E8-3A1C68902CE9}
		{6D707CEE-8B2E-4943-BE60-5B99520517BD} = {F4A0E6E0-1234-4B56-89AB-CDEF01234567}
		{370CDABA-F49A-4FA2-ABF2-19AB62F1CF0A} = {F4A0E6E0-1234-4B56-89AB-CDEF01234567}
		{961FA487-8CC2-4B21-86BC-34106F023C6B} = {F4A0E6E0-1234-4B56-89AB-CDEF01234567}
		{9FA359C1-8222-4552-A94D-4B4DFE3228CF} = {F4A0E6E0-1234-4B56-89AB-CDEF01234567}
		{A6ABF1A6-1BE6-474B-A27B-71A400000FE2} = {F4A0E6E0-1234-4B56-89AB-CDEF01234567}
		{9536D15C-250E-42D4-A3E4-ADF189A8A0B3} = {F4A0E6E0-1234-4B56-89AB-CDEF01234567}
		{D42E6D95-9993-457F-B3CB-6CBD4A797815} = {F4A0E6E0-1234-4B56-89AB-CDEF01234567}
		{67A2AD9B-0641-49C9-8C98-1F395829A423} = {F4A0E6E0-1234-4B56-89AB-CDEF01234567}
		{184F17EC-2AE4-4877-B0D5-3C38401B635E} = {F4A0E6E0-1234-4B56-89AB-CDEF01234567}
		{9C8BE36E-52C3-4129-80FF-BF2216F582BA} = {F4A0E6E0-1234-4B56-89AB-CDEF01234567}
		{AC5C8E0F-0F82-4B86-9584-EBF377EB57B1} = {F4A0E6E0-1234-4B56-89AB-CDEF01234567}
		{3FADA9BD-491F-4597-95C2-74D6A7565CFA} = {F4A0E6E0-1234-4B56-89AB-CDEF01234567}
		{93A57063-9631-4DA0-901B-98F314D1C84A} = {F4A0E6E0-1234-4B56-89AB-CDEF01234567}
		{78349C23-B7CA-435F-B2A9-0FE32EBD8B35} = {F4A0E6E0-1234-4B56-89AB-CDEF01234567}
		{646728A4-90B9-449F-B8F5-362D68AE8228} = {E2B99FF9-FABB-32FA-A2E8-3A1C68902CE9}
	EndGlobalSection
	GlobalSection(ExtensibilityGlobals) = postSolution
		SolutionGuid = {E623EFF5-2CA4-4FA0-B3AB-53F921DA212E}
	EndGlobalSection
EndGlobal
